// !$*UTF8*$!
{
	archiveVersion = 1;
	classes = {
	};
	objectVersion = 46;
	objects = {

/* Begin PBXBuildFile section */
		EFD646941A0CB07600703BED /* main.m in Sources */ = {isa = PBXBuildFile; fileRef = EFD646931A0CB07600703BED /* main.m */; };
		EFD646971A0CB07600703BED /* AppDelegate.m in Sources */ = {isa = PBXBuildFile; fileRef = EFD646961A0CB07600703BED /* AppDelegate.m */; };
		EFD6469A1A0CB07600703BED /* ViewController.m in Sources */ = {isa = PBXBuildFile; fileRef = EFD646991A0CB07600703BED /* ViewController.m */; };
		EFD6469D1A0CB07600703BED /* Main.storyboard in Resources */ = {isa = PBXBuildFile; fileRef = EFD6469B1A0CB07600703BED /* Main.storyboard */; };
		EFD6469F1A0CB07600703BED /* Images.xcassets in Resources */ = {isa = PBXBuildFile; fileRef = EFD6469E1A0CB07600703BED /* Images.xcassets */; };
		EFD646A21A0CB07600703BED /* LaunchScreen.xib in Resources */ = {isa = PBXBuildFile; fileRef = EFD646A01A0CB07600703BED /* LaunchScreen.xib */; };
		EFD646AE1A0CB07600703BED /* MyCaculateTests.m in Sources */ = {isa = PBXBuildFile; fileRef = EFD646AD1A0CB07600703BED /* MyCaculateTests.m */; };
		EFD646B91A0CB0A100703BED /* Model.m in Sources */ = {isa = PBXBuildFile; fileRef = EFD646B81A0CB0A100703BED /* Model.m */; };
		EFD646BC1A0D1DA500703BED /* NSMutableArray+stack.m in Sources */ = {isa = PBXBuildFile; fileRef = EFD646BB1A0D1DA500703BED /* NSMutableArray+stack.m */; };
/* End PBXBuildFile section */

/* Begin PBXContainerItemProxy section */
		EFD646A81A0CB07600703BED /* PBXContainerItemProxy */ = {
			isa = PBXContainerItemProxy;
			containerPortal = EFD646861A0CB07600703BED /* Project object */;
			proxyType = 1;
			remoteGlobalIDString = EFD6468D1A0CB07600703BED;
			remoteInfo = MyCaculate;
		};
/* End PBXContainerItemProxy section */

/* Begin PBXFileReference section */
		EFD6468E1A0CB07600703BED /* MyCaculate.app */ = {isa = PBXFileReference; explicitFileType = wrapper.application; includeInIndex = 0; path = MyCaculate.app; sourceTree = BUILT_PRODUCTS_DIR; };
		EFD646921A0CB07600703BED /* Info.plist */ = {isa = PBXFileReference; lastKnownFileType = text.plist.xml; path = Info.plist; sourceTree = "<group>"; };
		EFD646931A0CB07600703BED /* main.m */ = {isa = PBXFileReference; lastKnownFileType = sourcecode.c.objc; path = main.m; sourceTree = "<group>"; };
		EFD646951A0CB07600703BED /* AppDelegate.h */ = {isa = PBXFileReference; lastKnownFileType = sourcecode.c.h; path = AppDelegate.h; sourceTree = "<group>"; };
		EFD646961A0CB07600703BED /* AppDelegate.m */ = {isa = PBXFileReference; lastKnownFileType = sourcecode.c.objc; path = AppDelegate.m; sourceTree = "<group>"; };
		EFD646981A0CB07600703BED /* ViewController.h */ = {isa = PBXFileReference; lastKnownFileType = sourcecode.c.h; path = ViewController.h; sourceTree = "<group>"; };
		EFD646991A0CB07600703BED /* ViewController.m */ = {isa = PBXFileReference; lastKnownFileType = sourcecode.c.objc; path = ViewController.m; sourceTree = "<group>"; };
		EFD6469C1A0CB07600703BED /* Base */ = {isa = PBXFileReference; lastKnownFileType = file.storyboard; name = Base; path = Base.lproj/Main.storyboard; sourceTree = "<group>"; };
		EFD6469E1A0CB07600703BED /* Images.xcassets */ = {isa = PBXFileReference; lastKnownFileType = folder.assetcatalog; path = Images.xcassets; sourceTree = "<group>"; };
		EFD646A11A0CB07600703BED /* Base */ = {isa = PBXFileReference; lastKnownFileType = file.xib; name = Base; path = Base.lproj/LaunchScreen.xib; sourceTree = "<group>"; };
		EFD646A71A0CB07600703BED /* MyCaculateTests.xctest */ = {isa = PBXFileReference; explicitFileType = wrapper.cfbundle; includeInIndex = 0; path = MyCaculateTests.xctest; sourceTree = BUILT_PRODUCTS_DIR; };
		EFD646AC1A0CB07600703BED /* Info.plist */ = {isa = PBXFileReference; lastKnownFileType = text.plist.xml; path = Info.plist; sourceTree = "<group>"; };
		EFD646AD1A0CB07600703BED /* MyCaculateTests.m */ = {isa = PBXFileReference; lastKnownFileType = sourcecode.c.objc; path = MyCaculateTests.m; sourceTree = "<group>"; };
		EFD646B71A0CB0A100703BED /* Model.h */ = {isa = PBXFileReference; fileEncoding = 4; lastKnownFileType = sourcecode.c.h; path = Model.h; sourceTree = "<group>"; };
		EFD646B81A0CB0A100703BED /* Model.m */ = {isa = PBXFileReference; fileEncoding = 4; lastKnownFileType = sourcecode.c.objc; path = Model.m; sourceTree = "<group>"; };
		EFD646BA1A0D1DA500703BED /* NSMutableArray+stack.h */ = {isa = PBXFileReference; fileEncoding = 4; lastKnownFileType = sourcecode.c.h; path = "NSMutableArray+stack.h"; sourceTree = "<group>"; };
		EFD646BB1A0D1DA500703BED /* NSMutableArray+stack.m */ = {isa = PBXFileReference; fileEncoding = 4; lastKnownFileType = sourcecode.c.objc; path = "NSMutableArray+stack.m"; sourceTree = "<group>"; };
/* End PBXFileReference section */

/* Begin PBXFrameworksBuildPhase section */
		EFD6468B1A0CB07600703BED /* Frameworks */ = {
			isa = PBXFrameworksBuildPhase;
			buildActionMask = 2147483647;
			files = (
			);
			runOnlyForDeploymentPostprocessing = 0;
		};
		EFD646A41A0CB07600703BED /* Frameworks */ = {
			isa = PBXFrameworksBuildPhase;
			buildActionMask = 2147483647;
			files = (
			);
			runOnlyForDeploymentPostprocessing = 0;
		};
/* End PBXFrameworksBuildPhase section */

/* Begin PBXGroup section */
		EFD646851A0CB07600703BED = {
			isa = PBXGroup;
			children = (
				EFD646901A0CB07600703BED /* MyCaculate */,
				EFD646AA1A0CB07600703BED /* MyCaculateTests */,
				EFD6468F1A0CB07600703BED /* Products */,
			);
			sourceTree = "<group>";
		};
		EFD6468F1A0CB07600703BED /* Products */ = {
			isa = PBXGroup;
			children = (
				EFD6468E1A0CB07600703BED /* MyCaculate.app */,
				EFD646A71A0CB07600703BED /* MyCaculateTests.xctest */,
			);
			name = Products;
			sourceTree = "<group>";
		};
		EFD646901A0CB07600703BED /* MyCaculate */ = {
			isa = PBXGroup;
			children = (
				EFD646951A0CB07600703BED /* AppDelegate.h */,
				EFD646961A0CB07600703BED /* AppDelegate.m */,
				EFD646981A0CB07600703BED /* ViewController.h */,
				EFD646991A0CB07600703BED /* ViewController.m */,
				EFD646BA1A0D1DA500703BED /* NSMutableArray+stack.h */,
				EFD646BB1A0D1DA500703BED /* NSMutableArray+stack.m */,
				EFD646B71A0CB0A100703BED /* Model.h */,
				EFD646B81A0CB0A100703BED /* Model.m */,
				EFD6469B1A0CB07600703BED /* Main.storyboard */,
				EFD6469E1A0CB07600703BED /* Images.xcassets */,
				EFD646A01A0CB07600703BED /* LaunchScreen.xib */,
				EFD646911A0CB07600703BED /* Supporting Files */,
			);
			path = MyCaculate;
			sourceTree = "<group>";
		};
		EFD646911A0CB07600703BED /* Supporting Files */ = {
			isa = PBXGroup;
			children = (
				EFD646921A0CB07600703BED /* Info.plist */,
				EFD646931A0CB07600703BED /* main.m */,
			);
			name = "Supporting Files";
			sourceTree = "<group>";
		};
		EFD646AA1A0CB07600703BED /* MyCaculateTests */ = {
			isa = PBXGroup;
			children = (
				EFD646AD1A0CB07600703BED /* MyCaculateTests.m */,
				EFD646AB1A0CB07600703BED /* Supporting Files */,
			);
			path = MyCaculateTests;
			sourceTree = "<group>";
		};
		EFD646AB1A0CB07600703BED /* Supporting Files */ = {
			isa = PBXGroup;
			children = (
				EFD646AC1A0CB07600703BED /* Info.plist */,
			);
			name = "Supporting Files";
			sourceTree = "<group>";
		};
/* End PBXGroup section */

/* Begin PBXNativeTarget section */
		EFD6468D1A0CB07600703BED /* MyCaculate */ = {
			isa = PBXNativeTarget;
			buildConfigurationList = EFD646B11A0CB07600703BED /* Build configuration list for PBXNativeTarget "MyCaculate" */;
			buildPhases = (
				EFD6468A1A0CB07600703BED /* Sources */,
				EFD6468B1A0CB07600703BED /* Frameworks */,
				EFD6468C1A0CB07600703BED /* Resources */,
			);
			buildRules = (
			);
			dependencies = (
			);
			name = MyCaculate;
			productName = MyCaculate;
			productReference = EFD6468E1A0CB07600703BED /* MyCaculate.app */;
			productType = "com.apple.product-type.application";
		};
		EFD646A61A0CB07600703BED /* MyCaculateTests */ = {
			isa = PBXNativeTarget;
			buildConfigurationList = EFD646B41A0CB07600703BED /* Build configuration list for PBXNativeTarget "MyCaculateTests" */;
			buildPhases = (
				EFD646A31A0CB07600703BED /* Sources */,
				EFD646A41A0CB07600703BED /* Frameworks */,
				EFD646A51A0CB07600703BED /* Resources */,
			);
			buildRules = (
			);
			dependencies = (
				EFD646A91A0CB07600703BED /* PBXTargetDependency */,
			);
			name = MyCaculateTests;
			productName = MyCaculateTests;
			productReference = EFD646A71A0CB07600703BED /* MyCaculateTests.xctest */;
			productType = "com.apple.product-type.bundle.unit-test";
		};
/* End PBXNativeTarget section */

/* Begin PBXProject section */
		EFD646861A0CB07600703BED /* Project object */ = {
			isa = PBXProject;
			attributes = {
				LastUpgradeCheck = 0610;
				ORGANIZATIONNAME = LFR;
				TargetAttributes = {
					EFD6468D1A0CB07600703BED = {
						CreatedOnToolsVersion = 6.1;
					};
					EFD646A61A0CB07600703BED = {
						CreatedOnToolsVersion = 6.1;
						TestTargetID = EFD6468D1A0CB07600703BED;
					};
				};
			};
			buildConfigurationList = EFD646891A0CB07600703BED /* Build configuration list for PBXProject "MyCaculate" */;
			compatibilityVersion = "Xcode 3.2";
			developmentRegion = English;
			hasScannedForEncodings = 0;
			knownRegions = (
				en,
				Base,
			);
			mainGroup = EFD646851A0CB07600703BED;
			productRefGroup = EFD6468F1A0CB07600703BED /* Products */;
			projectDirPath = "";
			projectRoot = "";
			targets = (
				EFD6468D1A0CB07600703BED /* MyCaculate */,
				EFD646A61A0CB07600703BED /* MyCaculateTests */,
			);
		};
/* End PBXProject section */

/* Begin PBXResourcesBuildPhase section */
		EFD6468C1A0CB07600703BED /* Resources */ = {
			isa = PBXResourcesBuildPhase;
			buildActionMask = 2147483647;
			files = (
				EFD6469D1A0CB07600703BED /* Main.storyboard in Resources */,
				EFD646A21A0CB07600703BED /* LaunchScreen.xib in Resources */,
				EFD6469F1A0CB07600703BED /* Images.xcassets in Resources */,
			);
			runOnlyForDeploymentPostprocessing = 0;
		};
		EFD646A51A0CB07600703BED /* Resources */ = {
			isa = PBXResourcesBuildPhase;
			buildActionMask = 2147483647;
			files = (
			);
			runOnlyForDeploymentPostprocessing = 0;
		};
/* End PBXResourcesBuildPhase section */

/* Begin PBXSourcesBuildPhase section */
		EFD6468A1A0CB07600703BED /* Sources */ = {
			isa = PBXSourcesBuildPhase;
			buildActionMask = 2147483647;
			files = (
				EFD6469A1A0CB07600703BED /* ViewController.m in Sources */,
				EFD646971A0CB07600703BED /* AppDelegate.m in Sources */,
				EFD646941A0CB07600703BED /* main.m in Sources */,
				EFD646B91A0CB0A100703BED /* Model.m in Sources */,
				EFD646BC1A0D1DA500703BED /* NSMutableArray+stack.m in Sources */,
			);
			runOnlyForDeploymentPostprocessing = 0;
		};
		EFD646A31A0CB07600703BED /* Sources */ = {
			isa = PBXSourcesBuildPhase;
			buildActionMask = 2147483647;
			files = (
				EFD646AE1A0CB07600703BED /* MyCaculateTests.m in Sources */,
			);
			runOnlyForDeploymentPostprocessing = 0;
		};
/* End PBXSourcesBuildPhase section */

/* Begin PBXTargetDependency section */
		EFD646A91A0CB07600703BED /* PBXTargetDependency */ = {
			isa = PBXTargetDependency;
			target = EFD6468D1A0CB07600703BED /* MyCaculate */;
			targetProxy = EFD646A81A0CB07600703BED /* PBXContainerItemProxy */;
		};
/* End PBXTargetDependency section */

/* Begin PBXVariantGroup section */
		EFD6469B1A0CB07600703BED /* Main.storyboard */ = {
			isa = PBXVariantGroup;
			children = (
				EFD6469C1A0CB07600703BED /* Base */,
			);
			name = Main.storyboard;
			sourceTree = "<group>";
		};
		EFD646A01A0CB07600703BED /* LaunchScreen.xib */ = {
			isa = PBXVariantGroup;
			children = (
				EFD646A11A0CB07600703BED /* Base */,
			);
			name = LaunchScreen.xib;
			sourceTree = "<group>";
		};
/* End PBXVariantGroup section */

/* Begin XCBuildConfiguration section */
		EFD646AF1A0CB07600703BED /* Debug */ = {
			isa = XCBuildConfiguration;
			buildSettings = {
				ALWAYS_SEARCH_USER_PATHS = NO;
				CLANG_CXX_LANGUAGE_STANDARD = "gnu++0x";
				CLANG_CXX_LIBRARY = "libc++";
				CLANG_ENABLE_MODULES = YES;
				CLANG_ENABLE_OBJC_ARC = YES;
				CLANG_WARN_BOOL_CONVERSION = YES;
				CLANG_WARN_CONSTANT_CONVERSION = YES;
				CLANG_WARN_DIRECT_OBJC_ISA_USAGE = YES_ERROR;
				CLANG_WARN_EMPTY_BODY = YES;
				CLANG_WARN_ENUM_CONVERSION = YES;
				CLANG_WARN_INT_CONVERSION = YES;
				CLANG_WARN_OBJC_ROOT_CLASS = YES_ERROR;
				CLANG_WARN_UNREACHABLE_CODE = YES;
				CLANG_WARN__DUPLICATE_METHOD_MATCH = YES;
				"CODE_SIGN_IDENTITY[sdk=iphoneos*]" = "iPhone Developer";
				COPY_PHASE_STRIP = NO;
				ENABLE_STRICT_OBJC_MSGSEND = YES;
				GCC_C_LANGUAGE_STANDARD = gnu99;
				GCC_DYNAMIC_NO_PIC = NO;
				GCC_OPTIMIZATION_LEVEL = 0;
				GCC_PREPROCESSOR_DEFINITIONS = (
					"DEBUG=1",
					"$(inherited)",
				);
				GCC_SYMBOLS_PRIVATE_EXTERN = NO;
				GCC_WARN_64_TO_32_BIT_CONVERSION = YES;
				GCC_WARN_ABOUT_RETURN_TYPE = YES_ERROR;
				GCC_WARN_UNDECLARED_SELECTOR = YES;
				GCC_WARN_UNINITIALIZED_AUTOS = YES_AGGRESSIVE;
				GCC_WARN_UNUSED_FUNCTION = YES;
				GCC_WARN_UNUSED_VARIABLE = YES;
				IPHONEOS_DEPLOYMENT_TARGET = 8.1;
				MTL_ENABLE_DEBUG_INFO = YES;
				ONLY_ACTIVE_ARCH = YES;
				SDKROOT = iphoneos;
			};
			name = Debug;
		};
		EFD646B01A0CB07600703BED /* Release */ = {
			isa = XCBuildConfiguration;
			buildSettings = {
				ALWAYS_SEARCH_USER_PATHS = NO;
				CLANG_CXX_LANGUAGE_STANDARD = "gnu++0x";
				CLANG_CXX_LIBRARY = "libc++";
				CLANG_ENABLE_MODULES = YES;
				CLANG_ENABLE_OBJC_ARC = YES;
				CLANG_WARN_BOOL_CONVERSION = YES;
				CLANG_WARN_CONSTANT_CONVERSION = YES;
				CLANG_WARN_DIRECT_OBJC_ISA_USAGE = YES_ERROR;
				CLANG_WARN_EMPTY_BODY = YES;
				CLANG_WARN_ENUM_CONVERSION = YES;
				CLANG_WARN_INT_CONVERSION = YES;
				CLANG_WARN_OBJC_ROOT_CLASS = YES_ERROR;
				CLANG_WARN_UNREACHABLE_CODE = YES;
				CLANG_WARN__DUPLICATE_METHOD_MATCH = YES;
				"CODE_SIGN_IDENTITY[sdk=iphoneos*]" = "iPhone Developer";
				COPY_PHASE_STRIP = YES;
				ENABLE_NS_ASSERTIONS = NO;
				ENABLE_STRICT_OBJC_MSGSEND = YES;
				GCC_C_LANGUAGE_STANDARD = gnu99;
				GCC_WARN_64_TO_32_BIT_CONVERSION = YES;
				GCC_WARN_ABOUT_RETURN_TYPE = YES_ERROR;
				GCC_WARN_UNDECLARED_SELECTOR = YES;
				GCC_WARN_UNINITIALIZED_AUTOS = YES_AGGRESSIVE;
				GCC_WARN_UNUSED_FUNCTION = YES;
				GCC_WARN_UNUSED_VARIABLE = YES;
				IPHONEOS_DEPLOYMENT_TARGET = 8.1;
				MTL_ENABLE_DEBUG_INFO = NO;
				SDKROOT = iphoneos;
				VALIDATE_PRODUCT = YES;
			};
			name = Release;
		};
		EFD646B21A0CB07600703BED /* Debug */ = {
			isa = XCBuildConfiguration;
			buildSettings = {
				ASSETCATALOG_COMPILER_APPICON_NAME = AppIcon;
				INFOPLIST_FILE = MyCaculate/Info.plist;
				LD_RUNPATH_SEARCH_PATHS = "$(inherited) @executable_path/Frameworks";
				PRODUCT_NAME = "$(TARGET_NAME)";
			};
			name = Debug;
		};
		EFD646B31A0CB07600703BED /* Release */ = {
			isa = XCBuildConfiguration;
			buildSettings = {
				ASSETCATALOG_COMPILER_APPICON_NAME = AppIcon;
				INFOPLIST_FILE = MyCaculate/Info.plist;
				LD_RUNPATH_SEARCH_PATHS = "$(inherited) @executable_path/Frameworks";
				PRODUCT_NAME = "$(TARGET_NAME)";
			};
			name = Release;
		};
		EFD646B51A0CB07600703BED /* Debug */ = {
			isa = XCBuildConfiguration;
			buildSettings = {
				BUNDLE_LOADER = "$(TEST_HOST)";
				FRAMEWORK_SEARCH_PATHS = (
					"$(SDKROOT)/Developer/Library/Frameworks",
					"$(inherited)",
				);
				GCC_PREPROCESSOR_DEFINITIONS = (
					"DEBUG=1",
					"$(inherited)",
				);
				INFOPLIST_FILE = MyCaculateTests/Info.plist;
				LD_RUNPATH_SEARCH_PATHS = "$(inherited) @executable_path/Frameworks @loader_path/Frameworks";
				PRODUCT_NAME = "$(TARGET_NAME)";
				TEST_HOST = "$(BUILT_PRODUCTS_DIR)/MyCaculate.app/MyCaculate";
			};
			name = Debug;
		};
		EFD646B61A0CB07600703BED /* Release */ = {
			isa = XCBuildConfiguration;
			buildSettings = {
				BUNDLE_LOADER = "$(TEST_HOST)";
				FRAMEWORK_SEARCH_PATHS = (
					"$(SDKROOT)/Developer/Library/Frameworks",
					"$(inherited)",
				);
				INFOPLIST_FILE = MyCaculateTests/Info.plist;
				LD_RUNPATH_SEARCH_PATHS = "$(inherited) @executable_path/Frameworks @loader_path/Frameworks";
				PRODUCT_NAME = "$(TARGET_NAME)";
				TEST_HOST = "$(BUILT_PRODUCTS_DIR)/MyCaculate.app/MyCaculate";
			};
			name = Release;
		};
/* End XCBuildConfiguration section */

/* Begin XCConfigurationList section */
		EFD646891A0CB07600703BED /* Build configuration list for PBXProject "MyCaculate" */ = {
			isa = XCConfigurationList;
			buildConfigurations = (
				EFD646AF1A0CB07600703BED /* Debug */,
				EFD646B01A0CB07600703BED /* Release */,
			);
			defaultConfigurationIsVisible = 0;
			defaultConfigurationName = Release;
		};
		EFD646B11A0CB07600703BED /* Build configuration list for PBXNativeTarget "MyCaculate" */ = {
			isa = XCConfigurationList;
			buildConfigurations = (
				EFD646B21A0CB07600703BED /* Debug */,
				EFD646B31A0CB07600703BED /* Release */,
			);
			defaultConfigurationIsVisible = 0;
			defaultConfigurationName = Release;
		};
		EFD646B41A0CB07600703BED /* Build configuration list for PBXNativeTarget "MyCaculateTests" */ = {
			isa = XCConfigurationList;
			buildConfigurations = (
				EFD646B51A0CB07600703BED /* Debug */,
				EFD646B61A0CB07600703BED /* Release */,
			);
			defaultConfigurationIsVisible = 0;
			defaultConfigurationName = Release;
		};
/* End XCConfigurationList section */
	};
	rootObject = EFD646861A0CB07600703BED /* Project object */;
}
