// !$*UTF8*$!
{
	archiveVersion = 1;
	classes = {
	};
	objectVersion = 46;
	objects = {

/* Begin PBXBuildFile section */
		57908F1A1A089BB100C223B3 /* main.m in Sources */ = {isa = PBXBuildFile; fileRef = 57908F191A089BB100C223B3 /* main.m */; };
		57908F1D1A089BB100C223B3 /* AppDelegate.m in Sources */ = {isa = PBXBuildFile; fileRef = 57908F1C1A089BB100C223B3 /* AppDelegate.m */; };
		57908F201A089BB100C223B3 /* ViewController.m in Sources */ = {isa = PBXBuildFile; fileRef = 57908F1F1A089BB100C223B3 /* ViewController.m */; };
		57908F231A089BB100C223B3 /* Main.storyboard in Resources */ = {isa = PBXBuildFile; fileRef = 57908F211A089BB100C223B3 /* Main.storyboard */; };
		57908F251A089BB100C223B3 /* Images.xcassets in Resources */ = {isa = PBXBuildFile; fileRef = 57908F241A089BB100C223B3 /* Images.xcassets */; };
		57908F281A089BB100C223B3 /* LaunchScreen.xib in Resources */ = {isa = PBXBuildFile; fileRef = 57908F261A089BB100C223B3 /* LaunchScreen.xib */; };
		57908F341A089BB200C223B3 /* calulatoriosTests.m in Sources */ = {isa = PBXBuildFile; fileRef = 57908F331A089BB200C223B3 /* calulatoriosTests.m */; };
		57908F3F1A089F1600C223B3 /* calulatorfounction.m in Sources */ = {isa = PBXBuildFile; fileRef = 57908F3E1A089F1600C223B3 /* calulatorfounction.m */; };
		57908F4F1A09B95300C223B3 /* RegexKitLite.m in Sources */ = {isa = PBXBuildFile; fileRef = 57908F4E1A09B95300C223B3 /* RegexKitLite.m */; settings = {COMPILER_FLAGS = "-fno-objc-arc"; }; };
		57908F511A09B97500C223B3 /* libicucore.dylib in Frameworks */ = {isa = PBXBuildFile; fileRef = 57908F501A09B97500C223B3 /* libicucore.dylib */; };
/* End PBXBuildFile section */

/* Begin PBXContainerItemProxy section */
		57908F2E1A089BB200C223B3 /* PBXContainerItemProxy */ = {
			isa = PBXContainerItemProxy;
			containerPortal = 57908F0C1A089BB100C223B3 /* Project object */;
			proxyType = 1;
			remoteGlobalIDString = 57908F131A089BB100C223B3;
			remoteInfo = calulatorios;
		};
/* End PBXContainerItemProxy section */

/* Begin PBXFileReference section */
		57908F141A089BB100C223B3 /* calulatorios.app */ = {isa = PBXFileReference; explicitFileType = wrapper.application; includeInIndex = 0; path = calulatorios.app; sourceTree = BUILT_PRODUCTS_DIR; };
		57908F181A089BB100C223B3 /* Info.plist */ = {isa = PBXFileReference; lastKnownFileType = text.plist.xml; path = Info.plist; sourceTree = "<group>"; };
		57908F191A089BB100C223B3 /* main.m */ = {isa = PBXFileReference; lastKnownFileType = sourcecode.c.objc; path = main.m; sourceTree = "<group>"; };
		57908F1B1A089BB100C223B3 /* AppDelegate.h */ = {isa = PBXFileReference; lastKnownFileType = sourcecode.c.h; path = AppDelegate.h; sourceTree = "<group>"; };
		57908F1C1A089BB100C223B3 /* AppDelegate.m */ = {isa = PBXFileReference; lastKnownFileType = sourcecode.c.objc; path = AppDelegate.m; sourceTree = "<group>"; };
		57908F1E1A089BB100C223B3 /* ViewController.h */ = {isa = PBXFileReference; lastKnownFileType = sourcecode.c.h; path = ViewController.h; sourceTree = "<group>"; };
		57908F1F1A089BB100C223B3 /* ViewController.m */ = {isa = PBXFileReference; lastKnownFileType = sourcecode.c.objc; path = ViewController.m; sourceTree = "<group>"; };
		57908F221A089BB100C223B3 /* Base */ = {isa = PBXFileReference; lastKnownFileType = file.storyboard; name = Base; path = Base.lproj/Main.storyboard; sourceTree = "<group>"; };
		57908F241A089BB100C223B3 /* Images.xcassets */ = {isa = PBXFileReference; lastKnownFileType = folder.assetcatalog; path = Images.xcassets; sourceTree = "<group>"; };
		57908F271A089BB100C223B3 /* Base */ = {isa = PBXFileReference; lastKnownFileType = file.xib; name = Base; path = Base.lproj/LaunchScreen.xib; sourceTree = "<group>"; };
		57908F2D1A089BB200C223B3 /* calulatoriosTests.xctest */ = {isa = PBXFileReference; explicitFileType = wrapper.cfbundle; includeInIndex = 0; path = calulatoriosTests.xctest; sourceTree = BUILT_PRODUCTS_DIR; };
		57908F321A089BB200C223B3 /* Info.plist */ = {isa = PBXFileReference; lastKnownFileType = text.plist.xml; path = Info.plist; sourceTree = "<group>"; };
		57908F331A089BB200C223B3 /* calulatoriosTests.m */ = {isa = PBXFileReference; lastKnownFileType = sourcecode.c.objc; path = calulatoriosTests.m; sourceTree = "<group>"; };
		57908F3D1A089F1600C223B3 /* calulatorfounction.h */ = {isa = PBXFileReference; fileEncoding = 4; lastKnownFileType = sourcecode.c.h; path = calulatorfounction.h; sourceTree = "<group>"; };
		57908F3E1A089F1600C223B3 /* calulatorfounction.m */ = {isa = PBXFileReference; fileEncoding = 4; lastKnownFileType = sourcecode.c.objc; path = calulatorfounction.m; sourceTree = "<group>"; };
		57908F4D1A09B95300C223B3 /* RegexKitLite.h */ = {isa = PBXFileReference; fileEncoding = 4; lastKnownFileType = sourcecode.c.h; path = RegexKitLite.h; sourceTree = "<group>"; };
		57908F4E1A09B95300C223B3 /* RegexKitLite.m */ = {isa = PBXFileReference; fileEncoding = 4; lastKnownFileType = sourcecode.c.objc; path = RegexKitLite.m; sourceTree = "<group>"; };
		57908F501A09B97500C223B3 /* libicucore.dylib */ = {isa = PBXFileReference; lastKnownFileType = "compiled.mach-o.dylib"; name = libicucore.dylib; path = usr/lib/libicucore.dylib; sourceTree = SDKROOT; };
/* End PBXFileReference section */

/* Begin PBXFrameworksBuildPhase section */
		57908F111A089BB100C223B3 /* Frameworks */ = {
			isa = PBXFrameworksBuildPhase;
			buildActionMask = 2147483647;
			files = (
				57908F511A09B97500C223B3 /* libicucore.dylib in Frameworks */,
			);
			runOnlyForDeploymentPostprocessing = 0;
		};
		57908F2A1A089BB200C223B3 /* Frameworks */ = {
			isa = PBXFrameworksBuildPhase;
			buildActionMask = 2147483647;
			files = (
			);
			runOnlyForDeploymentPostprocessing = 0;
		};
/* End PBXFrameworksBuildPhase section */

/* Begin PBXGroup section */
		57908F0B1A089BB100C223B3 = {
			isa = PBXGroup;
			children = (
				57908F501A09B97500C223B3 /* libicucore.dylib */,
				57908F161A089BB100C223B3 /* calulatorios */,
				57908F301A089BB200C223B3 /* calulatoriosTests */,
				57908F151A089BB100C223B3 /* Products */,
			);
			sourceTree = "<group>";
		};
		57908F151A089BB100C223B3 /* Products */ = {
			isa = PBXGroup;
			children = (
				57908F141A089BB100C223B3 /* calulatorios.app */,
				57908F2D1A089BB200C223B3 /* calulatoriosTests.xctest */,
			);
			name = Products;
			sourceTree = "<group>";
		};
		57908F161A089BB100C223B3 /* calulatorios */ = {
			isa = PBXGroup;
			children = (
				57908F3D1A089F1600C223B3 /* calulatorfounction.h */,
				57908F3E1A089F1600C223B3 /* calulatorfounction.m */,
				57908F4D1A09B95300C223B3 /* RegexKitLite.h */,
				57908F4E1A09B95300C223B3 /* RegexKitLite.m */,
				57908F1B1A089BB100C223B3 /* AppDelegate.h */,
				57908F1C1A089BB100C223B3 /* AppDelegate.m */,
				57908F1E1A089BB100C223B3 /* ViewController.h */,
				57908F1F1A089BB100C223B3 /* ViewController.m */,
				57908F211A089BB100C223B3 /* Main.storyboard */,
				57908F241A089BB100C223B3 /* Images.xcassets */,
				57908F261A089BB100C223B3 /* LaunchScreen.xib */,
				57908F171A089BB100C223B3 /* Supporting Files */,
			);
			path = calulatorios;
			sourceTree = "<group>";
		};
		57908F171A089BB100C223B3 /* Supporting Files */ = {
			isa = PBXGroup;
			children = (
				57908F181A089BB100C223B3 /* Info.plist */,
				57908F191A089BB100C223B3 /* main.m */,
			);
			name = "Supporting Files";
			sourceTree = "<group>";
		};
		57908F301A089BB200C223B3 /* calulatoriosTests */ = {
			isa = PBXGroup;
			children = (
				57908F331A089BB200C223B3 /* calulatoriosTests.m */,
				57908F311A089BB200C223B3 /* Supporting Files */,
			);
			path = calulatoriosTests;
			sourceTree = "<group>";
		};
		57908F311A089BB200C223B3 /* Supporting Files */ = {
			isa = PBXGroup;
			children = (
				57908F321A089BB200C223B3 /* Info.plist */,
			);
			name = "Supporting Files";
			sourceTree = "<group>";
		};
/* End PBXGroup section */

/* Begin PBXNativeTarget section */
		57908F131A089BB100C223B3 /* calulatorios */ = {
			isa = PBXNativeTarget;
			buildConfigurationList = 57908F371A089BB200C223B3 /* Build configuration list for PBXNativeTarget "calulatorios" */;
			buildPhases = (
				57908F101A089BB100C223B3 /* Sources */,
				57908F111A089BB100C223B3 /* Frameworks */,
				57908F121A089BB100C223B3 /* Resources */,
			);
			buildRules = (
			);
			dependencies = (
			);
			name = calulatorios;
			productName = calulatorios;
			productReference = 57908F141A089BB100C223B3 /* calulatorios.app */;
			productType = "com.apple.product-type.application";
		};
		57908F2C1A089BB200C223B3 /* calulatoriosTests */ = {
			isa = PBXNativeTarget;
			buildConfigurationList = 57908F3A1A089BB200C223B3 /* Build configuration list for PBXNativeTarget "calulatoriosTests" */;
			buildPhases = (
				57908F291A089BB200C223B3 /* Sources */,
				57908F2A1A089BB200C223B3 /* Frameworks */,
				57908F2B1A089BB200C223B3 /* Resources */,
			);
			buildRules = (
			);
			dependencies = (
				57908F2F1A089BB200C223B3 /* PBXTargetDependency */,
			);
			name = calulatoriosTests;
			productName = calulatoriosTests;
			productReference = 57908F2D1A089BB200C223B3 /* calulatoriosTests.xctest */;
			productType = "com.apple.product-type.bundle.unit-test";
		};
/* End PBXNativeTarget section */

/* Begin PBXProject section */
		57908F0C1A089BB100C223B3 /* Project object */ = {
			isa = PBXProject;
			attributes = {
				LastUpgradeCheck = 0600;
				ORGANIZATIONNAME = "宋宁";
				TargetAttributes = {
					57908F131A089BB100C223B3 = {
						CreatedOnToolsVersion = 6.0.1;
					};
					57908F2C1A089BB200C223B3 = {
						CreatedOnToolsVersion = 6.0.1;
						TestTargetID = 57908F131A089BB100C223B3;
					};
				};
			};
			buildConfigurationList = 57908F0F1A089BB100C223B3 /* Build configuration list for PBXProject "calulatorios" */;
			compatibilityVersion = "Xcode 3.2";
			developmentRegion = English;
			hasScannedForEncodings = 0;
			knownRegions = (
				en,
				Base,
			);
			mainGroup = 57908F0B1A089BB100C223B3;
			productRefGroup = 57908F151A089BB100C223B3 /* Products */;
			projectDirPath = "";
			projectRoot = "";
			targets = (
				57908F131A089BB100C223B3 /* calulatorios */,
				57908F2C1A089BB200C223B3 /* calulatoriosTests */,
			);
		};
/* End PBXProject section */

/* Begin PBXResourcesBuildPhase section */
		57908F121A089BB100C223B3 /* Resources */ = {
			isa = PBXResourcesBuildPhase;
			buildActionMask = 2147483647;
			files = (
				57908F231A089BB100C223B3 /* Main.storyboard in Resources */,
				57908F281A089BB100C223B3 /* LaunchScreen.xib in Resources */,
				57908F251A089BB100C223B3 /* Images.xcassets in Resources */,
			);
			runOnlyForDeploymentPostprocessing = 0;
		};
		57908F2B1A089BB200C223B3 /* Resources */ = {
			isa = PBXResourcesBuildPhase;
			buildActionMask = 2147483647;
			files = (
			);
			runOnlyForDeploymentPostprocessing = 0;
		};
/* End PBXResourcesBuildPhase section */

/* Begin PBXSourcesBuildPhase section */
		57908F101A089BB100C223B3 /* Sources */ = {
			isa = PBXSourcesBuildPhase;
			buildActionMask = 2147483647;
			files = (
				57908F201A089BB100C223B3 /* ViewController.m in Sources */,
				57908F1D1A089BB100C223B3 /* AppDelegate.m in Sources */,
				57908F1A1A089BB100C223B3 /* main.m in Sources */,
				57908F4F1A09B95300C223B3 /* RegexKitLite.m in Sources */,
				57908F3F1A089F1600C223B3 /* calulatorfounction.m in Sources */,
			);
			runOnlyForDeploymentPostprocessing = 0;
		};
		57908F291A089BB200C223B3 /* Sources */ = {
			isa = PBXSourcesBuildPhase;
			buildActionMask = 2147483647;
			files = (
				57908F341A089BB200C223B3 /* calulatoriosTests.m in Sources */,
			);
			runOnlyForDeploymentPostprocessing = 0;
		};
/* End PBXSourcesBuildPhase section */

/* Begin PBXTargetDependency section */
		57908F2F1A089BB200C223B3 /* PBXTargetDependency */ = {
			isa = PBXTargetDependency;
			target = 57908F131A089BB100C223B3 /* calulatorios */;
			targetProxy = 57908F2E1A089BB200C223B3 /* PBXContainerItemProxy */;
		};
/* End PBXTargetDependency section */

/* Begin PBXVariantGroup section */
		57908F211A089BB100C223B3 /* Main.storyboard */ = {
			isa = PBXVariantGroup;
			children = (
				57908F221A089BB100C223B3 /* Base */,
			);
			name = Main.storyboard;
			sourceTree = "<group>";
		};
		57908F261A089BB100C223B3 /* LaunchScreen.xib */ = {
			isa = PBXVariantGroup;
			children = (
				57908F271A089BB100C223B3 /* Base */,
			);
			name = LaunchScreen.xib;
			sourceTree = "<group>";
		};
/* End PBXVariantGroup section */

/* Begin XCBuildConfiguration section */
		57908F351A089BB200C223B3 /* Debug */ = {
			isa = XCBuildConfiguration;
			buildSettings = {
				ALWAYS_SEARCH_USER_PATHS = NO;
				CLANG_CXX_LANGUAGE_STANDARD = "gnu++0x";
				CLANG_CXX_LIBRARY = "libc++";
				CLANG_ENABLE_MODULES = YES;
				CLANG_ENABLE_OBJC_ARC = YES;
				CLANG_WARN_BOOL_CONVERSION = YES;
				CLANG_WARN_CONSTANT_CONVERSION = YES;
				CLANG_WARN_DIRECT_OBJC_ISA_USAGE = YES_ERROR;
				CLANG_WARN_EMPTY_BODY = YES;
				CLANG_WARN_ENUM_CONVERSION = YES;
				CLANG_WARN_INT_CONVERSION = YES;
				CLANG_WARN_OBJC_ROOT_CLASS = YES_ERROR;
				CLANG_WARN_UNREACHABLE_CODE = YES;
				CLANG_WARN__DUPLICATE_METHOD_MATCH = YES;
				"CODE_SIGN_IDENTITY[sdk=iphoneos*]" = "iPhone Developer";
				COPY_PHASE_STRIP = NO;
				ENABLE_STRICT_OBJC_MSGSEND = YES;
				GCC_C_LANGUAGE_STANDARD = gnu99;
				GCC_DYNAMIC_NO_PIC = NO;
				GCC_OPTIMIZATION_LEVEL = 0;
				GCC_PREPROCESSOR_DEFINITIONS = (
					"DEBUG=1",
					"$(inherited)",
				);
				GCC_SYMBOLS_PRIVATE_EXTERN = NO;
				GCC_WARN_64_TO_32_BIT_CONVERSION = YES;
				GCC_WARN_ABOUT_RETURN_TYPE = YES_ERROR;
				GCC_WARN_UNDECLARED_SELECTOR = YES;
				GCC_WARN_UNINITIALIZED_AUTOS = YES_AGGRESSIVE;
				GCC_WARN_UNUSED_FUNCTION = YES;
				GCC_WARN_UNUSED_VARIABLE = YES;
				IPHONEOS_DEPLOYMENT_TARGET = 8.0;
				MTL_ENABLE_DEBUG_INFO = YES;
				ONLY_ACTIVE_ARCH = YES;
				SDKROOT = iphoneos;
			};
			name = Debug;
		};
		57908F361A089BB200C223B3 /* Release */ = {
			isa = XCBuildConfiguration;
			buildSettings = {
				ALWAYS_SEARCH_USER_PATHS = NO;
				CLANG_CXX_LANGUAGE_STANDARD = "gnu++0x";
				CLANG_CXX_LIBRARY = "libc++";
				CLANG_ENABLE_MODULES = YES;
				CLANG_ENABLE_OBJC_ARC = YES;
				CLANG_WARN_BOOL_CONVERSION = YES;
				CLANG_WARN_CONSTANT_CONVERSION = YES;
				CLANG_WARN_DIRECT_OBJC_ISA_USAGE = YES_ERROR;
				CLANG_WARN_EMPTY_BODY = YES;
				CLANG_WARN_ENUM_CONVERSION = YES;
				CLANG_WARN_INT_CONVERSION = YES;
				CLANG_WARN_OBJC_ROOT_CLASS = YES_ERROR;
				CLANG_WARN_UNREACHABLE_CODE = YES;
				CLANG_WARN__DUPLICATE_METHOD_MATCH = YES;
				"CODE_SIGN_IDENTITY[sdk=iphoneos*]" = "iPhone Developer";
				COPY_PHASE_STRIP = YES;
				ENABLE_NS_ASSERTIONS = NO;
				ENABLE_STRICT_OBJC_MSGSEND = YES;
				GCC_C_LANGUAGE_STANDARD = gnu99;
				GCC_WARN_64_TO_32_BIT_CONVERSION = YES;
				GCC_WARN_ABOUT_RETURN_TYPE = YES_ERROR;
				GCC_WARN_UNDECLARED_SELECTOR = YES;
				GCC_WARN_UNINITIALIZED_AUTOS = YES_AGGRESSIVE;
				GCC_WARN_UNUSED_FUNCTION = YES;
				GCC_WARN_UNUSED_VARIABLE = YES;
				IPHONEOS_DEPLOYMENT_TARGET = 8.0;
				MTL_ENABLE_DEBUG_INFO = NO;
				SDKROOT = iphoneos;
				VALIDATE_PRODUCT = YES;
			};
			name = Release;
		};
		57908F381A089BB200C223B3 /* Debug */ = {
			isa = XCBuildConfiguration;
			buildSettings = {
				ASSETCATALOG_COMPILER_APPICON_NAME = AppIcon;
				INFOPLIST_FILE = calulatorios/Info.plist;
				LD_RUNPATH_SEARCH_PATHS = "$(inherited) @executable_path/Frameworks";
				PRODUCT_NAME = "$(TARGET_NAME)";
			};
			name = Debug;
		};
		57908F391A089BB200C223B3 /* Release */ = {
			isa = XCBuildConfiguration;
			buildSettings = {
				ASSETCATALOG_COMPILER_APPICON_NAME = AppIcon;
				INFOPLIST_FILE = calulatorios/Info.plist;
				LD_RUNPATH_SEARCH_PATHS = "$(inherited) @executable_path/Frameworks";
				PRODUCT_NAME = "$(TARGET_NAME)";
			};
			name = Release;
		};
		57908F3B1A089BB200C223B3 /* Debug */ = {
			isa = XCBuildConfiguration;
			buildSettings = {
				BUNDLE_LOADER = "$(TEST_HOST)";
				FRAMEWORK_SEARCH_PATHS = (
					"$(SDKROOT)/Developer/Library/Frameworks",
					"$(inherited)",
				);
				GCC_PREPROCESSOR_DEFINITIONS = (
					"DEBUG=1",
					"$(inherited)",
				);
				INFOPLIST_FILE = calulatoriosTests/Info.plist;
				LD_RUNPATH_SEARCH_PATHS = "$(inherited) @executable_path/Frameworks @loader_path/Frameworks";
				PRODUCT_NAME = "$(TARGET_NAME)";
				TEST_HOST = "$(BUILT_PRODUCTS_DIR)/calulatorios.app/calulatorios";
			};
			name = Debug;
		};
		57908F3C1A089BB200C223B3 /* Release */ = {
			isa = XCBuildConfiguration;
			buildSettings = {
				BUNDLE_LOADER = "$(TEST_HOST)";
				FRAMEWORK_SEARCH_PATHS = (
					"$(SDKROOT)/Developer/Library/Frameworks",
					"$(inherited)",
				);
				INFOPLIST_FILE = calulatoriosTests/Info.plist;
				LD_RUNPATH_SEARCH_PATHS = "$(inherited) @executable_path/Frameworks @loader_path/Frameworks";
				PRODUCT_NAME = "$(TARGET_NAME)";
				TEST_HOST = "$(BUILT_PRODUCTS_DIR)/calulatorios.app/calulatorios";
			};
			name = Release;
		};
/* End XCBuildConfiguration section */

/* Begin XCConfigurationList section */
		57908F0F1A089BB100C223B3 /* Build configuration list for PBXProject "calulatorios" */ = {
			isa = XCConfigurationList;
			buildConfigurations = (
				57908F351A089BB200C223B3 /* Debug */,
				57908F361A089BB200C223B3 /* Release */,
			);
			defaultConfigurationIsVisible = 0;
			defaultConfigurationName = Release;
		};
		57908F371A089BB200C223B3 /* Build configuration list for PBXNativeTarget "calulatorios" */ = {
			isa = XCConfigurationList;
			buildConfigurations = (
				57908F381A089BB200C223B3 /* Debug */,
				57908F391A089BB200C223B3 /* Release */,
			);
			defaultConfigurationIsVisible = 0;
			defaultConfigurationName = Release;
		};
		57908F3A1A089BB200C223B3 /* Build configuration list for PBXNativeTarget "calulatoriosTests" */ = {
			isa = XCConfigurationList;
			buildConfigurations = (
				57908F3B1A089BB200C223B3 /* Debug */,
				57908F3C1A089BB200C223B3 /* Release */,
			);
			defaultConfigurationIsVisible = 0;
			defaultConfigurationName = Release;
		};
/* End XCConfigurationList section */
	};
	rootObject = 57908F0C1A089BB100C223B3 /* Project object */;
}
