// !$*UTF8*$!
{
	archiveVersion = 1;
	classes = {
	};
	objectVersion = 46;
	objects = {

/* Begin PBXBuildFile section */
		CD28E36F1A0B40B800F7D9FB /* main.m in Sources */ = {isa = PBXBuildFile; fileRef = CD28E36E1A0B40B800F7D9FB /* main.m */; };
		CD28E3721A0B40B800F7D9FB /* AppDelegate.m in Sources */ = {isa = PBXBuildFile; fileRef = CD28E3711A0B40B800F7D9FB /* AppDelegate.m */; };
		CD28E3751A0B40B800F7D9FB /* ViewController.m in Sources */ = {isa = PBXBuildFile; fileRef = CD28E3741A0B40B800F7D9FB /* ViewController.m */; };
		CD28E3781A0B40B800F7D9FB /* Main.storyboard in Resources */ = {isa = PBXBuildFile; fileRef = CD28E3761A0B40B800F7D9FB /* Main.storyboard */; };
		CD28E37A1A0B40B800F7D9FB /* Images.xcassets in Resources */ = {isa = PBXBuildFile; fileRef = CD28E3791A0B40B800F7D9FB /* Images.xcassets */; };
		CD28E37D1A0B40B800F7D9FB /* LaunchScreen.xib in Resources */ = {isa = PBXBuildFile; fileRef = CD28E37B1A0B40B800F7D9FB /* LaunchScreen.xib */; };
		CD28E3891A0B40B800F7D9FB /* Project3Tests.m in Sources */ = {isa = PBXBuildFile; fileRef = CD28E3881A0B40B800F7D9FB /* Project3Tests.m */; };
		CD28E3941A0B504500F7D9FB /* NewViewController.m in Sources */ = {isa = PBXBuildFile; fileRef = CD28E3931A0B504500F7D9FB /* NewViewController.m */; };
		CD28E3971A0B58AB00F7D9FB /* DisplayViewController.m in Sources */ = {isa = PBXBuildFile; fileRef = CD28E3961A0B58AB00F7D9FB /* DisplayViewController.m */; };
/* End PBXBuildFile section */

/* Begin PBXContainerItemProxy section */
		CD28E3831A0B40B800F7D9FB /* PBXContainerItemProxy */ = {
			isa = PBXContainerItemProxy;
			containerPortal = CD28E3611A0B40B800F7D9FB /* Project object */;
			proxyType = 1;
			remoteGlobalIDString = CD28E3681A0B40B800F7D9FB;
			remoteInfo = Project3;
		};
/* End PBXContainerItemProxy section */

/* Begin PBXFileReference section */
		CD28E3691A0B40B800F7D9FB /* Project3.app */ = {isa = PBXFileReference; explicitFileType = wrapper.application; includeInIndex = 0; path = Project3.app; sourceTree = BUILT_PRODUCTS_DIR; };
		CD28E36D1A0B40B800F7D9FB /* Info.plist */ = {isa = PBXFileReference; lastKnownFileType = text.plist.xml; path = Info.plist; sourceTree = "<group>"; };
		CD28E36E1A0B40B800F7D9FB /* main.m */ = {isa = PBXFileReference; lastKnownFileType = sourcecode.c.objc; path = main.m; sourceTree = "<group>"; };
		CD28E3701A0B40B800F7D9FB /* AppDelegate.h */ = {isa = PBXFileReference; lastKnownFileType = sourcecode.c.h; path = AppDelegate.h; sourceTree = "<group>"; };
		CD28E3711A0B40B800F7D9FB /* AppDelegate.m */ = {isa = PBXFileReference; lastKnownFileType = sourcecode.c.objc; path = AppDelegate.m; sourceTree = "<group>"; };
		CD28E3731A0B40B800F7D9FB /* ViewController.h */ = {isa = PBXFileReference; lastKnownFileType = sourcecode.c.h; path = ViewController.h; sourceTree = "<group>"; };
		CD28E3741A0B40B800F7D9FB /* ViewController.m */ = {isa = PBXFileReference; lastKnownFileType = sourcecode.c.objc; path = ViewController.m; sourceTree = "<group>"; };
		CD28E3771A0B40B800F7D9FB /* Base */ = {isa = PBXFileReference; lastKnownFileType = file.storyboard; name = Base; path = Base.lproj/Main.storyboard; sourceTree = "<group>"; };
		CD28E3791A0B40B800F7D9FB /* Images.xcassets */ = {isa = PBXFileReference; lastKnownFileType = folder.assetcatalog; path = Images.xcassets; sourceTree = "<group>"; };
		CD28E37C1A0B40B800F7D9FB /* Base */ = {isa = PBXFileReference; lastKnownFileType = file.xib; name = Base; path = Base.lproj/LaunchScreen.xib; sourceTree = "<group>"; };
		CD28E3821A0B40B800F7D9FB /* Project3Tests.xctest */ = {isa = PBXFileReference; explicitFileType = wrapper.cfbundle; includeInIndex = 0; path = Project3Tests.xctest; sourceTree = BUILT_PRODUCTS_DIR; };
		CD28E3871A0B40B800F7D9FB /* Info.plist */ = {isa = PBXFileReference; lastKnownFileType = text.plist.xml; path = Info.plist; sourceTree = "<group>"; };
		CD28E3881A0B40B800F7D9FB /* Project3Tests.m */ = {isa = PBXFileReference; lastKnownFileType = sourcecode.c.objc; path = Project3Tests.m; sourceTree = "<group>"; };
		CD28E3921A0B504500F7D9FB /* NewViewController.h */ = {isa = PBXFileReference; fileEncoding = 4; lastKnownFileType = sourcecode.c.h; path = NewViewController.h; sourceTree = "<group>"; };
		CD28E3931A0B504500F7D9FB /* NewViewController.m */ = {isa = PBXFileReference; fileEncoding = 4; lastKnownFileType = sourcecode.c.objc; path = NewViewController.m; sourceTree = "<group>"; };
		CD28E3951A0B58AB00F7D9FB /* DisplayViewController.h */ = {isa = PBXFileReference; fileEncoding = 4; lastKnownFileType = sourcecode.c.h; path = DisplayViewController.h; sourceTree = "<group>"; };
		CD28E3961A0B58AB00F7D9FB /* DisplayViewController.m */ = {isa = PBXFileReference; fileEncoding = 4; lastKnownFileType = sourcecode.c.objc; path = DisplayViewController.m; sourceTree = "<group>"; };
/* End PBXFileReference section */

/* Begin PBXFrameworksBuildPhase section */
		CD28E3661A0B40B800F7D9FB /* Frameworks */ = {
			isa = PBXFrameworksBuildPhase;
			buildActionMask = 2147483647;
			files = (
			);
			runOnlyForDeploymentPostprocessing = 0;
		};
		CD28E37F1A0B40B800F7D9FB /* Frameworks */ = {
			isa = PBXFrameworksBuildPhase;
			buildActionMask = 2147483647;
			files = (
			);
			runOnlyForDeploymentPostprocessing = 0;
		};
/* End PBXFrameworksBuildPhase section */

/* Begin PBXGroup section */
		CD28E3601A0B40B800F7D9FB = {
			isa = PBXGroup;
			children = (
				CD28E36B1A0B40B800F7D9FB /* Project3 */,
				CD28E3851A0B40B800F7D9FB /* Project3Tests */,
				CD28E36A1A0B40B800F7D9FB /* Products */,
			);
			sourceTree = "<group>";
		};
		CD28E36A1A0B40B800F7D9FB /* Products */ = {
			isa = PBXGroup;
			children = (
				CD28E3691A0B40B800F7D9FB /* Project3.app */,
				CD28E3821A0B40B800F7D9FB /* Project3Tests.xctest */,
			);
			name = Products;
			sourceTree = "<group>";
		};
		CD28E36B1A0B40B800F7D9FB /* Project3 */ = {
			isa = PBXGroup;
			children = (
				CD28E3921A0B504500F7D9FB /* NewViewController.h */,
				CD28E3931A0B504500F7D9FB /* NewViewController.m */,
				CD28E3701A0B40B800F7D9FB /* AppDelegate.h */,
				CD28E3711A0B40B800F7D9FB /* AppDelegate.m */,
				CD28E3731A0B40B800F7D9FB /* ViewController.h */,
				CD28E3741A0B40B800F7D9FB /* ViewController.m */,
				CD28E3761A0B40B800F7D9FB /* Main.storyboard */,
				CD28E3791A0B40B800F7D9FB /* Images.xcassets */,
				CD28E37B1A0B40B800F7D9FB /* LaunchScreen.xib */,
				CD28E36C1A0B40B800F7D9FB /* Supporting Files */,
				CD28E3951A0B58AB00F7D9FB /* DisplayViewController.h */,
				CD28E3961A0B58AB00F7D9FB /* DisplayViewController.m */,
			);
			path = Project3;
			sourceTree = "<group>";
		};
		CD28E36C1A0B40B800F7D9FB /* Supporting Files */ = {
			isa = PBXGroup;
			children = (
				CD28E36D1A0B40B800F7D9FB /* Info.plist */,
				CD28E36E1A0B40B800F7D9FB /* main.m */,
			);
			name = "Supporting Files";
			sourceTree = "<group>";
		};
		CD28E3851A0B40B800F7D9FB /* Project3Tests */ = {
			isa = PBXGroup;
			children = (
				CD28E3881A0B40B800F7D9FB /* Project3Tests.m */,
				CD28E3861A0B40B800F7D9FB /* Supporting Files */,
			);
			path = Project3Tests;
			sourceTree = "<group>";
		};
		CD28E3861A0B40B800F7D9FB /* Supporting Files */ = {
			isa = PBXGroup;
			children = (
				CD28E3871A0B40B800F7D9FB /* Info.plist */,
			);
			name = "Supporting Files";
			sourceTree = "<group>";
		};
/* End PBXGroup section */

/* Begin PBXNativeTarget section */
		CD28E3681A0B40B800F7D9FB /* Project3 */ = {
			isa = PBXNativeTarget;
			buildConfigurationList = CD28E38C1A0B40B800F7D9FB /* Build configuration list for PBXNativeTarget "Project3" */;
			buildPhases = (
				CD28E3651A0B40B800F7D9FB /* Sources */,
				CD28E3661A0B40B800F7D9FB /* Frameworks */,
				CD28E3671A0B40B800F7D9FB /* Resources */,
			);
			buildRules = (
			);
			dependencies = (
			);
			name = Project3;
			productName = Project3;
			productReference = CD28E3691A0B40B800F7D9FB /* Project3.app */;
			productType = "com.apple.product-type.application";
		};
		CD28E3811A0B40B800F7D9FB /* Project3Tests */ = {
			isa = PBXNativeTarget;
			buildConfigurationList = CD28E38F1A0B40B800F7D9FB /* Build configuration list for PBXNativeTarget "Project3Tests" */;
			buildPhases = (
				CD28E37E1A0B40B800F7D9FB /* Sources */,
				CD28E37F1A0B40B800F7D9FB /* Frameworks */,
				CD28E3801A0B40B800F7D9FB /* Resources */,
			);
			buildRules = (
			);
			dependencies = (
				CD28E3841A0B40B800F7D9FB /* PBXTargetDependency */,
			);
			name = Project3Tests;
			productName = Project3Tests;
			productReference = CD28E3821A0B40B800F7D9FB /* Project3Tests.xctest */;
			productType = "com.apple.product-type.bundle.unit-test";
		};
/* End PBXNativeTarget section */

/* Begin PBXProject section */
		CD28E3611A0B40B800F7D9FB /* Project object */ = {
			isa = PBXProject;
			attributes = {
				LastUpgradeCheck = 0610;
				ORGANIZATIONNAME = xsdlr;
				TargetAttributes = {
					CD28E3681A0B40B800F7D9FB = {
						CreatedOnToolsVersion = 6.1;
						DevelopmentTeam = 6ADJ2TL5DB;
					};
					CD28E3811A0B40B800F7D9FB = {
						CreatedOnToolsVersion = 6.1;
						TestTargetID = CD28E3681A0B40B800F7D9FB;
					};
				};
			};
			buildConfigurationList = CD28E3641A0B40B800F7D9FB /* Build configuration list for PBXProject "Project3" */;
			compatibilityVersion = "Xcode 3.2";
			developmentRegion = English;
			hasScannedForEncodings = 0;
			knownRegions = (
				en,
				Base,
			);
			mainGroup = CD28E3601A0B40B800F7D9FB;
			productRefGroup = CD28E36A1A0B40B800F7D9FB /* Products */;
			projectDirPath = "";
			projectRoot = "";
			targets = (
				CD28E3681A0B40B800F7D9FB /* Project3 */,
				CD28E3811A0B40B800F7D9FB /* Project3Tests */,
			);
		};
/* End PBXProject section */

/* Begin PBXResourcesBuildPhase section */
		CD28E3671A0B40B800F7D9FB /* Resources */ = {
			isa = PBXResourcesBuildPhase;
			buildActionMask = 2147483647;
			files = (
				CD28E3781A0B40B800F7D9FB /* Main.storyboard in Resources */,
				CD28E37D1A0B40B800F7D9FB /* LaunchScreen.xib in Resources */,
				CD28E37A1A0B40B800F7D9FB /* Images.xcassets in Resources */,
			);
			runOnlyForDeploymentPostprocessing = 0;
		};
		CD28E3801A0B40B800F7D9FB /* Resources */ = {
			isa = PBXResourcesBuildPhase;
			buildActionMask = 2147483647;
			files = (
			);
			runOnlyForDeploymentPostprocessing = 0;
		};
/* End PBXResourcesBuildPhase section */

/* Begin PBXSourcesBuildPhase section */
		CD28E3651A0B40B800F7D9FB /* Sources */ = {
			isa = PBXSourcesBuildPhase;
			buildActionMask = 2147483647;
			files = (
				CD28E3971A0B58AB00F7D9FB /* DisplayViewController.m in Sources */,
				CD28E3751A0B40B800F7D9FB /* ViewController.m in Sources */,
				CD28E3721A0B40B800F7D9FB /* AppDelegate.m in Sources */,
				CD28E36F1A0B40B800F7D9FB /* main.m in Sources */,
				CD28E3941A0B504500F7D9FB /* NewViewController.m in Sources */,
			);
			runOnlyForDeploymentPostprocessing = 0;
		};
		CD28E37E1A0B40B800F7D9FB /* Sources */ = {
			isa = PBXSourcesBuildPhase;
			buildActionMask = 2147483647;
			files = (
				CD28E3891A0B40B800F7D9FB /* Project3Tests.m in Sources */,
			);
			runOnlyForDeploymentPostprocessing = 0;
		};
/* End PBXSourcesBuildPhase section */

/* Begin PBXTargetDependency section */
		CD28E3841A0B40B800F7D9FB /* PBXTargetDependency */ = {
			isa = PBXTargetDependency;
			target = CD28E3681A0B40B800F7D9FB /* Project3 */;
			targetProxy = CD28E3831A0B40B800F7D9FB /* PBXContainerItemProxy */;
		};
/* End PBXTargetDependency section */

/* Begin PBXVariantGroup section */
		CD28E3761A0B40B800F7D9FB /* Main.storyboard */ = {
			isa = PBXVariantGroup;
			children = (
				CD28E3771A0B40B800F7D9FB /* Base */,
			);
			name = Main.storyboard;
			sourceTree = "<group>";
		};
		CD28E37B1A0B40B800F7D9FB /* LaunchScreen.xib */ = {
			isa = PBXVariantGroup;
			children = (
				CD28E37C1A0B40B800F7D9FB /* Base */,
			);
			name = LaunchScreen.xib;
			sourceTree = "<group>";
		};
/* End PBXVariantGroup section */

/* Begin XCBuildConfiguration section */
		CD28E38A1A0B40B800F7D9FB /* Debug */ = {
			isa = XCBuildConfiguration;
			buildSettings = {
				ALWAYS_SEARCH_USER_PATHS = NO;
				CLANG_CXX_LANGUAGE_STANDARD = "gnu++0x";
				CLANG_CXX_LIBRARY = "libc++";
				CLANG_ENABLE_MODULES = YES;
				CLANG_ENABLE_OBJC_ARC = YES;
				CLANG_WARN_BOOL_CONVERSION = YES;
				CLANG_WARN_CONSTANT_CONVERSION = YES;
				CLANG_WARN_DIRECT_OBJC_ISA_USAGE = YES_ERROR;
				CLANG_WARN_EMPTY_BODY = YES;
				CLANG_WARN_ENUM_CONVERSION = YES;
				CLANG_WARN_INT_CONVERSION = YES;
				CLANG_WARN_OBJC_ROOT_CLASS = YES_ERROR;
				CLANG_WARN_UNREACHABLE_CODE = YES;
				CLANG_WARN__DUPLICATE_METHOD_MATCH = YES;
				"CODE_SIGN_IDENTITY[sdk=iphoneos*]" = "iPhone Developer";
				COPY_PHASE_STRIP = NO;
				ENABLE_STRICT_OBJC_MSGSEND = YES;
				GCC_C_LANGUAGE_STANDARD = gnu99;
				GCC_DYNAMIC_NO_PIC = NO;
				GCC_OPTIMIZATION_LEVEL = 0;
				GCC_PREPROCESSOR_DEFINITIONS = (
					"DEBUG=1",
					"$(inherited)",
				);
				GCC_SYMBOLS_PRIVATE_EXTERN = NO;
				GCC_WARN_64_TO_32_BIT_CONVERSION = YES;
				GCC_WARN_ABOUT_RETURN_TYPE = YES_ERROR;
				GCC_WARN_UNDECLARED_SELECTOR = YES;
				GCC_WARN_UNINITIALIZED_AUTOS = YES_AGGRESSIVE;
				GCC_WARN_UNUSED_FUNCTION = YES;
				GCC_WARN_UNUSED_VARIABLE = YES;
				IPHONEOS_DEPLOYMENT_TARGET = 8.1;
				MTL_ENABLE_DEBUG_INFO = YES;
				ONLY_ACTIVE_ARCH = YES;
				SDKROOT = iphoneos;
			};
			name = Debug;
		};
		CD28E38B1A0B40B800F7D9FB /* Release */ = {
			isa = XCBuildConfiguration;
			buildSettings = {
				ALWAYS_SEARCH_USER_PATHS = NO;
				CLANG_CXX_LANGUAGE_STANDARD = "gnu++0x";
				CLANG_CXX_LIBRARY = "libc++";
				CLANG_ENABLE_MODULES = YES;
				CLANG_ENABLE_OBJC_ARC = YES;
				CLANG_WARN_BOOL_CONVERSION = YES;
				CLANG_WARN_CONSTANT_CONVERSION = YES;
				CLANG_WARN_DIRECT_OBJC_ISA_USAGE = YES_ERROR;
				CLANG_WARN_EMPTY_BODY = YES;
				CLANG_WARN_ENUM_CONVERSION = YES;
				CLANG_WARN_INT_CONVERSION = YES;
				CLANG_WARN_OBJC_ROOT_CLASS = YES_ERROR;
				CLANG_WARN_UNREACHABLE_CODE = YES;
				CLANG_WARN__DUPLICATE_METHOD_MATCH = YES;
				"CODE_SIGN_IDENTITY[sdk=iphoneos*]" = "iPhone Developer";
				COPY_PHASE_STRIP = YES;
				ENABLE_NS_ASSERTIONS = NO;
				ENABLE_STRICT_OBJC_MSGSEND = YES;
				GCC_C_LANGUAGE_STANDARD = gnu99;
				GCC_WARN_64_TO_32_BIT_CONVERSION = YES;
				GCC_WARN_ABOUT_RETURN_TYPE = YES_ERROR;
				GCC_WARN_UNDECLARED_SELECTOR = YES;
				GCC_WARN_UNINITIALIZED_AUTOS = YES_AGGRESSIVE;
				GCC_WARN_UNUSED_FUNCTION = YES;
				GCC_WARN_UNUSED_VARIABLE = YES;
				IPHONEOS_DEPLOYMENT_TARGET = 8.1;
				MTL_ENABLE_DEBUG_INFO = NO;
				SDKROOT = iphoneos;
				VALIDATE_PRODUCT = YES;
			};
			name = Release;
		};
		CD28E38D1A0B40B800F7D9FB /* Debug */ = {
			isa = XCBuildConfiguration;
			buildSettings = {
				ASSETCATALOG_COMPILER_APPICON_NAME = AppIcon;
				CODE_SIGN_IDENTITY = "iPhone Developer";
				HEADER_SEARCH_PATHS = (
					"$(inherited)",
					/Applications/Xcode.app/Contents/Developer/Toolchains/XcodeDefault.xctoolchain/usr/include,
				);
				INFOPLIST_FILE = Project3/Info.plist;
				LD_RUNPATH_SEARCH_PATHS = "$(inherited) @executable_path/Frameworks";
				PRODUCT_NAME = "$(TARGET_NAME)";
				TARGETED_DEVICE_FAMILY = "1,2";
			};
			name = Debug;
		};
		CD28E38E1A0B40B800F7D9FB /* Release */ = {
			isa = XCBuildConfiguration;
			buildSettings = {
				ASSETCATALOG_COMPILER_APPICON_NAME = AppIcon;
				CODE_SIGN_IDENTITY = "iPhone Developer";
				HEADER_SEARCH_PATHS = (
					"$(inherited)",
					/Applications/Xcode.app/Contents/Developer/Toolchains/XcodeDefault.xctoolchain/usr/include,
				);
				INFOPLIST_FILE = Project3/Info.plist;
				LD_RUNPATH_SEARCH_PATHS = "$(inherited) @executable_path/Frameworks";
				PRODUCT_NAME = "$(TARGET_NAME)";
				TARGETED_DEVICE_FAMILY = "1,2";
			};
			name = Release;
		};
		CD28E3901A0B40B800F7D9FB /* Debug */ = {
			isa = XCBuildConfiguration;
			buildSettings = {
				BUNDLE_LOADER = "$(TEST_HOST)";
				FRAMEWORK_SEARCH_PATHS = (
					"$(SDKROOT)/Developer/Library/Frameworks",
					"$(inherited)",
				);
				GCC_PREPROCESSOR_DEFINITIONS = (
					"DEBUG=1",
					"$(inherited)",
				);
				INFOPLIST_FILE = Project3Tests/Info.plist;
				LD_RUNPATH_SEARCH_PATHS = "$(inherited) @executable_path/Frameworks @loader_path/Frameworks";
				PRODUCT_NAME = "$(TARGET_NAME)";
				TEST_HOST = "$(BUILT_PRODUCTS_DIR)/Project3.app/Project3";
			};
			name = Debug;
		};
		CD28E3911A0B40B800F7D9FB /* Release */ = {
			isa = XCBuildConfiguration;
			buildSettings = {
				BUNDLE_LOADER = "$(TEST_HOST)";
				FRAMEWORK_SEARCH_PATHS = (
					"$(SDKROOT)/Developer/Library/Frameworks",
					"$(inherited)",
				);
				INFOPLIST_FILE = Project3Tests/Info.plist;
				LD_RUNPATH_SEARCH_PATHS = "$(inherited) @executable_path/Frameworks @loader_path/Frameworks";
				PRODUCT_NAME = "$(TARGET_NAME)";
				TEST_HOST = "$(BUILT_PRODUCTS_DIR)/Project3.app/Project3";
			};
			name = Release;
		};
/* End XCBuildConfiguration section */

/* Begin XCConfigurationList section */
		CD28E3641A0B40B800F7D9FB /* Build configuration list for PBXProject "Project3" */ = {
			isa = XCConfigurationList;
			buildConfigurations = (
				CD28E38A1A0B40B800F7D9FB /* Debug */,
				CD28E38B1A0B40B800F7D9FB /* Release */,
			);
			defaultConfigurationIsVisible = 0;
			defaultConfigurationName = Release;
		};
		CD28E38C1A0B40B800F7D9FB /* Build configuration list for PBXNativeTarget "Project3" */ = {
			isa = XCConfigurationList;
			buildConfigurations = (
				CD28E38D1A0B40B800F7D9FB /* Debug */,
				CD28E38E1A0B40B800F7D9FB /* Release */,
			);
			defaultConfigurationIsVisible = 0;
			defaultConfigurationName = Release;
		};
		CD28E38F1A0B40B800F7D9FB /* Build configuration list for PBXNativeTarget "Project3Tests" */ = {
			isa = XCConfigurationList;
			buildConfigurations = (
				CD28E3901A0B40B800F7D9FB /* Debug */,
				CD28E3911A0B40B800F7D9FB /* Release */,
			);
			defaultConfigurationIsVisible = 0;
			defaultConfigurationName = Release;
		};
/* End XCConfigurationList section */
	};
	rootObject = CD28E3611A0B40B800F7D9FB /* Project object */;
}
