// !$*UTF8*$!
{
	archiveVersion = 1;
	classes = {
	};
	objectVersion = 46;
	objects = {

/* Begin PBXBuildFile section */
		54810E2B1A1DDBE3008B7345 /* main.m in Sources */ = {isa = PBXBuildFile; fileRef = 54810E2A1A1DDBE3008B7345 /* main.m */; };
		54810E2E1A1DDBE3008B7345 /* AppDelegate.m in Sources */ = {isa = PBXBuildFile; fileRef = 54810E2D1A1DDBE3008B7345 /* AppDelegate.m */; };
		54810E311A1DDBE3008B7345 /* Project4_Note.xcdatamodeld in Sources */ = {isa = PBXBuildFile; fileRef = 54810E2F1A1DDBE3008B7345 /* Project4_Note.xcdatamodeld */; };
		54810E341A1DDBE3008B7345 /* ViewController.m in Sources */ = {isa = PBXBuildFile; fileRef = 54810E331A1DDBE3008B7345 /* ViewController.m */; };
		54810E371A1DDBE3008B7345 /* Main.storyboard in Resources */ = {isa = PBXBuildFile; fileRef = 54810E351A1DDBE3008B7345 /* Main.storyboard */; };
		54810E391A1DDBE3008B7345 /* Images.xcassets in Resources */ = {isa = PBXBuildFile; fileRef = 54810E381A1DDBE3008B7345 /* Images.xcassets */; };
		54810E3C1A1DDBE3008B7345 /* LaunchScreen.xib in Resources */ = {isa = PBXBuildFile; fileRef = 54810E3A1A1DDBE3008B7345 /* LaunchScreen.xib */; };
		54810E481A1DDBE3008B7345 /* Project4_NoteTests.m in Sources */ = {isa = PBXBuildFile; fileRef = 54810E471A1DDBE3008B7345 /* Project4_NoteTests.m */; };
/* End PBXBuildFile section */

/* Begin PBXContainerItemProxy section */
		54810E421A1DDBE3008B7345 /* PBXContainerItemProxy */ = {
			isa = PBXContainerItemProxy;
			containerPortal = 54810E1D1A1DDBE3008B7345 /* Project object */;
			proxyType = 1;
			remoteGlobalIDString = 54810E241A1DDBE3008B7345;
			remoteInfo = "Project4-Note";
		};
/* End PBXContainerItemProxy section */

/* Begin PBXFileReference section */
		54810E251A1DDBE3008B7345 /* Project4-Note.app */ = {isa = PBXFileReference; explicitFileType = wrapper.application; includeInIndex = 0; path = "Project4-Note.app"; sourceTree = BUILT_PRODUCTS_DIR; };
		54810E291A1DDBE3008B7345 /* Info.plist */ = {isa = PBXFileReference; lastKnownFileType = text.plist.xml; path = Info.plist; sourceTree = "<group>"; };
		54810E2A1A1DDBE3008B7345 /* main.m */ = {isa = PBXFileReference; lastKnownFileType = sourcecode.c.objc; path = main.m; sourceTree = "<group>"; };
		54810E2C1A1DDBE3008B7345 /* AppDelegate.h */ = {isa = PBXFileReference; lastKnownFileType = sourcecode.c.h; path = AppDelegate.h; sourceTree = "<group>"; };
		54810E2D1A1DDBE3008B7345 /* AppDelegate.m */ = {isa = PBXFileReference; lastKnownFileType = sourcecode.c.objc; path = AppDelegate.m; sourceTree = "<group>"; };
		54810E301A1DDBE3008B7345 /* Project4_Note.xcdatamodel */ = {isa = PBXFileReference; lastKnownFileType = wrapper.xcdatamodel; path = Project4_Note.xcdatamodel; sourceTree = "<group>"; };
		54810E321A1DDBE3008B7345 /* ViewController.h */ = {isa = PBXFileReference; lastKnownFileType = sourcecode.c.h; path = ViewController.h; sourceTree = "<group>"; };
		54810E331A1DDBE3008B7345 /* ViewController.m */ = {isa = PBXFileReference; lastKnownFileType = sourcecode.c.objc; path = ViewController.m; sourceTree = "<group>"; };
		54810E361A1DDBE3008B7345 /* Base */ = {isa = PBXFileReference; lastKnownFileType = file.storyboard; name = Base; path = Base.lproj/Main.storyboard; sourceTree = "<group>"; };
		54810E381A1DDBE3008B7345 /* Images.xcassets */ = {isa = PBXFileReference; lastKnownFileType = folder.assetcatalog; path = Images.xcassets; sourceTree = "<group>"; };
		54810E3B1A1DDBE3008B7345 /* Base */ = {isa = PBXFileReference; lastKnownFileType = file.xib; name = Base; path = Base.lproj/LaunchScreen.xib; sourceTree = "<group>"; };
		54810E411A1DDBE3008B7345 /* Project4-NoteTests.xctest */ = {isa = PBXFileReference; explicitFileType = wrapper.cfbundle; includeInIndex = 0; path = "Project4-NoteTests.xctest"; sourceTree = BUILT_PRODUCTS_DIR; };
		54810E461A1DDBE3008B7345 /* Info.plist */ = {isa = PBXFileReference; lastKnownFileType = text.plist.xml; path = Info.plist; sourceTree = "<group>"; };
		54810E471A1DDBE3008B7345 /* Project4_NoteTests.m */ = {isa = PBXFileReference; lastKnownFileType = sourcecode.c.objc; path = Project4_NoteTests.m; sourceTree = "<group>"; };
/* End PBXFileReference section */

/* Begin PBXFrameworksBuildPhase section */
		54810E221A1DDBE3008B7345 /* Frameworks */ = {
			isa = PBXFrameworksBuildPhase;
			buildActionMask = 2147483647;
			files = (
			);
			runOnlyForDeploymentPostprocessing = 0;
		};
		54810E3E1A1DDBE3008B7345 /* Frameworks */ = {
			isa = PBXFrameworksBuildPhase;
			buildActionMask = 2147483647;
			files = (
			);
			runOnlyForDeploymentPostprocessing = 0;
		};
/* End PBXFrameworksBuildPhase section */

/* Begin PBXGroup section */
		54810E1C1A1DDBE3008B7345 = {
			isa = PBXGroup;
			children = (
				54810E271A1DDBE3008B7345 /* Project4-Note */,
				54810E441A1DDBE3008B7345 /* Project4-NoteTests */,
				54810E261A1DDBE3008B7345 /* Products */,
			);
			sourceTree = "<group>";
		};
		54810E261A1DDBE3008B7345 /* Products */ = {
			isa = PBXGroup;
			children = (
				54810E251A1DDBE3008B7345 /* Project4-Note.app */,
				54810E411A1DDBE3008B7345 /* Project4-NoteTests.xctest */,
			);
			name = Products;
			sourceTree = "<group>";
		};
		54810E271A1DDBE3008B7345 /* Project4-Note */ = {
			isa = PBXGroup;
			children = (
				54810E2C1A1DDBE3008B7345 /* AppDelegate.h */,
				54810E2D1A1DDBE3008B7345 /* AppDelegate.m */,
				54810E321A1DDBE3008B7345 /* ViewController.h */,
				54810E331A1DDBE3008B7345 /* ViewController.m */,
				54810E351A1DDBE3008B7345 /* Main.storyboard */,
				54810E381A1DDBE3008B7345 /* Images.xcassets */,
				54810E3A1A1DDBE3008B7345 /* LaunchScreen.xib */,
				54810E2F1A1DDBE3008B7345 /* Project4_Note.xcdatamodeld */,
				54810E281A1DDBE3008B7345 /* Supporting Files */,
			);
			path = "Project4-Note";
			sourceTree = "<group>";
		};
		54810E281A1DDBE3008B7345 /* Supporting Files */ = {
			isa = PBXGroup;
			children = (
				54810E291A1DDBE3008B7345 /* Info.plist */,
				54810E2A1A1DDBE3008B7345 /* main.m */,
			);
			name = "Supporting Files";
			sourceTree = "<group>";
		};
		54810E441A1DDBE3008B7345 /* Project4-NoteTests */ = {
			isa = PBXGroup;
			children = (
				54810E471A1DDBE3008B7345 /* Project4_NoteTests.m */,
				54810E451A1DDBE3008B7345 /* Supporting Files */,
			);
			path = "Project4-NoteTests";
			sourceTree = "<group>";
		};
		54810E451A1DDBE3008B7345 /* Supporting Files */ = {
			isa = PBXGroup;
			children = (
				54810E461A1DDBE3008B7345 /* Info.plist */,
			);
			name = "Supporting Files";
			sourceTree = "<group>";
		};
/* End PBXGroup section */

/* Begin PBXNativeTarget section */
		54810E241A1DDBE3008B7345 /* Project4-Note */ = {
			isa = PBXNativeTarget;
			buildConfigurationList = 54810E4B1A1DDBE3008B7345 /* Build configuration list for PBXNativeTarget "Project4-Note" */;
			buildPhases = (
				54810E211A1DDBE3008B7345 /* Sources */,
				54810E221A1DDBE3008B7345 /* Frameworks */,
				54810E231A1DDBE3008B7345 /* Resources */,
			);
			buildRules = (
			);
			dependencies = (
			);
			name = "Project4-Note";
			productName = "Project4-Note";
			productReference = 54810E251A1DDBE3008B7345 /* Project4-Note.app */;
			productType = "com.apple.product-type.application";
		};
		54810E401A1DDBE3008B7345 /* Project4-NoteTests */ = {
			isa = PBXNativeTarget;
			buildConfigurationList = 54810E4E1A1DDBE3008B7345 /* Build configuration list for PBXNativeTarget "Project4-NoteTests" */;
			buildPhases = (
				54810E3D1A1DDBE3008B7345 /* Sources */,
				54810E3E1A1DDBE3008B7345 /* Frameworks */,
				54810E3F1A1DDBE3008B7345 /* Resources */,
			);
			buildRules = (
			);
			dependencies = (
				54810E431A1DDBE3008B7345 /* PBXTargetDependency */,
			);
			name = "Project4-NoteTests";
			productName = "Project4-NoteTests";
			productReference = 54810E411A1DDBE3008B7345 /* Project4-NoteTests.xctest */;
			productType = "com.apple.product-type.bundle.unit-test";
		};
/* End PBXNativeTarget section */

/* Begin PBXProject section */
		54810E1D1A1DDBE3008B7345 /* Project object */ = {
			isa = PBXProject;
			attributes = {
				LastUpgradeCheck = 0610;
				ORGANIZATIONNAME = ws;
				TargetAttributes = {
					54810E241A1DDBE3008B7345 = {
						CreatedOnToolsVersion = 6.1;
					};
					54810E401A1DDBE3008B7345 = {
						CreatedOnToolsVersion = 6.1;
						TestTargetID = 54810E241A1DDBE3008B7345;
					};
				};
			};
			buildConfigurationList = 54810E201A1DDBE3008B7345 /* Build configuration list for PBXProject "Project4-Note" */;
			compatibilityVersion = "Xcode 3.2";
			developmentRegion = English;
			hasScannedForEncodings = 0;
			knownRegions = (
				en,
				Base,
			);
			mainGroup = 54810E1C1A1DDBE3008B7345;
			productRefGroup = 54810E261A1DDBE3008B7345 /* Products */;
			projectDirPath = "";
			projectRoot = "";
			targets = (
				54810E241A1DDBE3008B7345 /* Project4-Note */,
				54810E401A1DDBE3008B7345 /* Project4-NoteTests */,
			);
		};
/* End PBXProject section */

/* Begin PBXResourcesBuildPhase section */
		54810E231A1DDBE3008B7345 /* Resources */ = {
			isa = PBXResourcesBuildPhase;
			buildActionMask = 2147483647;
			files = (
				54810E371A1DDBE3008B7345 /* Main.storyboard in Resources */,
				54810E3C1A1DDBE3008B7345 /* LaunchScreen.xib in Resources */,
				54810E391A1DDBE3008B7345 /* Images.xcassets in Resources */,
			);
			runOnlyForDeploymentPostprocessing = 0;
		};
		54810E3F1A1DDBE3008B7345 /* Resources */ = {
			isa = PBXResourcesBuildPhase;
			buildActionMask = 2147483647;
			files = (
			);
			runOnlyForDeploymentPostprocessing = 0;
		};
/* End PBXResourcesBuildPhase section */

/* Begin PBXSourcesBuildPhase section */
		54810E211A1DDBE3008B7345 /* Sources */ = {
			isa = PBXSourcesBuildPhase;
			buildActionMask = 2147483647;
			files = (
				54810E2E1A1DDBE3008B7345 /* AppDelegate.m in Sources */,
				54810E311A1DDBE3008B7345 /* Project4_Note.xcdatamodeld in Sources */,
				54810E341A1DDBE3008B7345 /* ViewController.m in Sources */,
				54810E2B1A1DDBE3008B7345 /* main.m in Sources */,
			);
			runOnlyForDeploymentPostprocessing = 0;
		};
		54810E3D1A1DDBE3008B7345 /* Sources */ = {
			isa = PBXSourcesBuildPhase;
			buildActionMask = 2147483647;
			files = (
				54810E481A1DDBE3008B7345 /* Project4_NoteTests.m in Sources */,
			);
			runOnlyForDeploymentPostprocessing = 0;
		};
/* End PBXSourcesBuildPhase section */

/* Begin PBXTargetDependency section */
		54810E431A1DDBE3008B7345 /* PBXTargetDependency */ = {
			isa = PBXTargetDependency;
			target = 54810E241A1DDBE3008B7345 /* Project4-Note */;
			targetProxy = 54810E421A1DDBE3008B7345 /* PBXContainerItemProxy */;
		};
/* End PBXTargetDependency section */

/* Begin PBXVariantGroup section */
		54810E351A1DDBE3008B7345 /* Main.storyboard */ = {
			isa = PBXVariantGroup;
			children = (
				54810E361A1DDBE3008B7345 /* Base */,
			);
			name = Main.storyboard;
			sourceTree = "<group>";
		};
		54810E3A1A1DDBE3008B7345 /* LaunchScreen.xib */ = {
			isa = PBXVariantGroup;
			children = (
				54810E3B1A1DDBE3008B7345 /* Base */,
			);
			name = LaunchScreen.xib;
			sourceTree = "<group>";
		};
/* End PBXVariantGroup section */

/* Begin XCBuildConfiguration section */
		54810E491A1DDBE3008B7345 /* Debug */ = {
			isa = XCBuildConfiguration;
			buildSettings = {
				ALWAYS_SEARCH_USER_PATHS = NO;
				CLANG_CXX_LANGUAGE_STANDARD = "gnu++0x";
				CLANG_CXX_LIBRARY = "libc++";
				CLANG_ENABLE_MODULES = YES;
				CLANG_ENABLE_OBJC_ARC = YES;
				CLANG_WARN_BOOL_CONVERSION = YES;
				CLANG_WARN_CONSTANT_CONVERSION = YES;
				CLANG_WARN_DIRECT_OBJC_ISA_USAGE = YES_ERROR;
				CLANG_WARN_EMPTY_BODY = YES;
				CLANG_WARN_ENUM_CONVERSION = YES;
				CLANG_WARN_INT_CONVERSION = YES;
				CLANG_WARN_OBJC_ROOT_CLASS = YES_ERROR;
				CLANG_WARN_UNREACHABLE_CODE = YES;
				CLANG_WARN__DUPLICATE_METHOD_MATCH = YES;
				"CODE_SIGN_IDENTITY[sdk=iphoneos*]" = "iPhone Developer";
				COPY_PHASE_STRIP = NO;
				ENABLE_STRICT_OBJC_MSGSEND = YES;
				GCC_C_LANGUAGE_STANDARD = gnu99;
				GCC_DYNAMIC_NO_PIC = NO;
				GCC_OPTIMIZATION_LEVEL = 0;
				GCC_PREPROCESSOR_DEFINITIONS = (
					"DEBUG=1",
					"$(inherited)",
				);
				GCC_SYMBOLS_PRIVATE_EXTERN = NO;
				GCC_WARN_64_TO_32_BIT_CONVERSION = YES;
				GCC_WARN_ABOUT_RETURN_TYPE = YES_ERROR;
				GCC_WARN_UNDECLARED_SELECTOR = YES;
				GCC_WARN_UNINITIALIZED_AUTOS = YES_AGGRESSIVE;
				GCC_WARN_UNUSED_FUNCTION = YES;
				GCC_WARN_UNUSED_VARIABLE = YES;
				IPHONEOS_DEPLOYMENT_TARGET = 8.1;
				MTL_ENABLE_DEBUG_INFO = YES;
				ONLY_ACTIVE_ARCH = YES;
				SDKROOT = iphoneos;
				TARGETED_DEVICE_FAMILY = "1,2";
			};
			name = Debug;
		};
		54810E4A1A1DDBE3008B7345 /* Release */ = {
			isa = XCBuildConfiguration;
			buildSettings = {
				ALWAYS_SEARCH_USER_PATHS = NO;
				CLANG_CXX_LANGUAGE_STANDARD = "gnu++0x";
				CLANG_CXX_LIBRARY = "libc++";
				CLANG_ENABLE_MODULES = YES;
				CLANG_ENABLE_OBJC_ARC = YES;
				CLANG_WARN_BOOL_CONVERSION = YES;
				CLANG_WARN_CONSTANT_CONVERSION = YES;
				CLANG_WARN_DIRECT_OBJC_ISA_USAGE = YES_ERROR;
				CLANG_WARN_EMPTY_BODY = YES;
				CLANG_WARN_ENUM_CONVERSION = YES;
				CLANG_WARN_INT_CONVERSION = YES;
				CLANG_WARN_OBJC_ROOT_CLASS = YES_ERROR;
				CLANG_WARN_UNREACHABLE_CODE = YES;
				CLANG_WARN__DUPLICATE_METHOD_MATCH = YES;
				"CODE_SIGN_IDENTITY[sdk=iphoneos*]" = "iPhone Developer";
				COPY_PHASE_STRIP = YES;
				ENABLE_NS_ASSERTIONS = NO;
				ENABLE_STRICT_OBJC_MSGSEND = YES;
				GCC_C_LANGUAGE_STANDARD = gnu99;
				GCC_WARN_64_TO_32_BIT_CONVERSION = YES;
				GCC_WARN_ABOUT_RETURN_TYPE = YES_ERROR;
				GCC_WARN_UNDECLARED_SELECTOR = YES;
				GCC_WARN_UNINITIALIZED_AUTOS = YES_AGGRESSIVE;
				GCC_WARN_UNUSED_FUNCTION = YES;
				GCC_WARN_UNUSED_VARIABLE = YES;
				IPHONEOS_DEPLOYMENT_TARGET = 8.1;
				MTL_ENABLE_DEBUG_INFO = NO;
				SDKROOT = iphoneos;
				TARGETED_DEVICE_FAMILY = "1,2";
				VALIDATE_PRODUCT = YES;
			};
			name = Release;
		};
		54810E4C1A1DDBE3008B7345 /* Debug */ = {
			isa = XCBuildConfiguration;
			buildSettings = {
				ASSETCATALOG_COMPILER_APPICON_NAME = AppIcon;
				INFOPLIST_FILE = "Project4-Note/Info.plist";
				LD_RUNPATH_SEARCH_PATHS = "$(inherited) @executable_path/Frameworks";
				PRODUCT_NAME = "$(TARGET_NAME)";
			};
			name = Debug;
		};
		54810E4D1A1DDBE3008B7345 /* Release */ = {
			isa = XCBuildConfiguration;
			buildSettings = {
				ASSETCATALOG_COMPILER_APPICON_NAME = AppIcon;
				INFOPLIST_FILE = "Project4-Note/Info.plist";
				LD_RUNPATH_SEARCH_PATHS = "$(inherited) @executable_path/Frameworks";
				PRODUCT_NAME = "$(TARGET_NAME)";
			};
			name = Release;
		};
		54810E4F1A1DDBE3008B7345 /* Debug */ = {
			isa = XCBuildConfiguration;
			buildSettings = {
				BUNDLE_LOADER = "$(TEST_HOST)";
				FRAMEWORK_SEARCH_PATHS = (
					"$(SDKROOT)/Developer/Library/Frameworks",
					"$(inherited)",
				);
				GCC_PREPROCESSOR_DEFINITIONS = (
					"DEBUG=1",
					"$(inherited)",
				);
				INFOPLIST_FILE = "Project4-NoteTests/Info.plist";
				LD_RUNPATH_SEARCH_PATHS = "$(inherited) @executable_path/Frameworks @loader_path/Frameworks";
				PRODUCT_NAME = "$(TARGET_NAME)";
				TEST_HOST = "$(BUILT_PRODUCTS_DIR)/Project4-Note.app/Project4-Note";
			};
			name = Debug;
		};
		54810E501A1DDBE3008B7345 /* Release */ = {
			isa = XCBuildConfiguration;
			buildSettings = {
				BUNDLE_LOADER = "$(TEST_HOST)";
				FRAMEWORK_SEARCH_PATHS = (
					"$(SDKROOT)/Developer/Library/Frameworks",
					"$(inherited)",
				);
				INFOPLIST_FILE = "Project4-NoteTests/Info.plist";
				LD_RUNPATH_SEARCH_PATHS = "$(inherited) @executable_path/Frameworks @loader_path/Frameworks";
				PRODUCT_NAME = "$(TARGET_NAME)";
				TEST_HOST = "$(BUILT_PRODUCTS_DIR)/Project4-Note.app/Project4-Note";
			};
			name = Release;
		};
/* End XCBuildConfiguration section */

/* Begin XCConfigurationList section */
		54810E201A1DDBE3008B7345 /* Build configuration list for PBXProject "Project4-Note" */ = {
			isa = XCConfigurationList;
			buildConfigurations = (
				54810E491A1DDBE3008B7345 /* Debug */,
				54810E4A1A1DDBE3008B7345 /* Release */,
			);
			defaultConfigurationIsVisible = 0;
			defaultConfigurationName = Release;
		};
		54810E4B1A1DDBE3008B7345 /* Build configuration list for PBXNativeTarget "Project4-Note" */ = {
			isa = XCConfigurationList;
			buildConfigurations = (
				54810E4C1A1DDBE3008B7345 /* Debug */,
				54810E4D1A1DDBE3008B7345 /* Release */,
			);
			defaultConfigurationIsVisible = 0;
		};
		54810E4E1A1DDBE3008B7345 /* Build configuration list for PBXNativeTarget "Project4-NoteTests" */ = {
			isa = XCConfigurationList;
			buildConfigurations = (
				54810E4F1A1DDBE3008B7345 /* Debug */,
				54810E501A1DDBE3008B7345 /* Release */,
			);
			defaultConfigurationIsVisible = 0;
		};
/* End XCConfigurationList section */

/* Begin XCVersionGroup section */
		54810E2F1A1DDBE3008B7345 /* Project4_Note.xcdatamodeld */ = {
			isa = XCVersionGroup;
			children = (
				54810E301A1DDBE3008B7345 /* Project4_Note.xcdatamodel */,
			);
			currentVersion = 54810E301A1DDBE3008B7345 /* Project4_Note.xcdatamodel */;
			path = Project4_Note.xcdatamodeld;
			sourceTree = "<group>";
			versionGroupType = wrapper.xcdatamodel;
		};
/* End XCVersionGroup section */
	};
	rootObject = 54810E1D1A1DDBE3008B7345 /* Project object */;
}
