// !$*UTF8*$!
{
	archiveVersion = 1;
	classes = {
	};
	objectVersion = 46;
	objects = {

/* Begin PBXBuildFile section */
		263430491A091044004E83D4 /* RegexKitLite.m in Sources */ = {isa = PBXBuildFile; fileRef = 263430481A091044004E83D4 /* RegexKitLite.m */; settings = {COMPILER_FLAGS = "-fno-objc-arc"; }; };
		263EEE831A08C6F900FB9A7A /* libicucore.dylib in Frameworks */ = {isa = PBXBuildFile; fileRef = 263EEE821A08C6F900FB9A7A /* libicucore.dylib */; };
		2672942B1A0795130050E466 /* main.m in Sources */ = {isa = PBXBuildFile; fileRef = 2672942A1A0795130050E466 /* main.m */; };
		2672942E1A0795130050E466 /* AppDelegate.m in Sources */ = {isa = PBXBuildFile; fileRef = 2672942D1A0795130050E466 /* AppDelegate.m */; };
		267294311A0795130050E466 /* ViewController.m in Sources */ = {isa = PBXBuildFile; fileRef = 267294301A0795130050E466 /* ViewController.m */; };
		267294341A0795130050E466 /* Main.storyboard in Resources */ = {isa = PBXBuildFile; fileRef = 267294321A0795130050E466 /* Main.storyboard */; };
		267294361A0795130050E466 /* Images.xcassets in Resources */ = {isa = PBXBuildFile; fileRef = 267294351A0795130050E466 /* Images.xcassets */; };
		267294391A0795130050E466 /* LaunchScreen.xib in Resources */ = {isa = PBXBuildFile; fileRef = 267294371A0795130050E466 /* LaunchScreen.xib */; };
		267294451A0795130050E466 /* HomeWorkTwoTests.m in Sources */ = {isa = PBXBuildFile; fileRef = 267294441A0795130050E466 /* HomeWorkTwoTests.m */; };
		267FF8B21A0857BC00B58D57 /* FormulaStringCalcUtility.m in Sources */ = {isa = PBXBuildFile; fileRef = 267FF8B11A0857BC00B58D57 /* FormulaStringCalcUtility.m */; };
/* End PBXBuildFile section */

/* Begin PBXContainerItemProxy section */
		2672943F1A0795130050E466 /* PBXContainerItemProxy */ = {
			isa = PBXContainerItemProxy;
			containerPortal = 2672941D1A0795130050E466 /* Project object */;
			proxyType = 1;
			remoteGlobalIDString = 267294241A0795130050E466;
			remoteInfo = HomeWorkTwo;
		};
/* End PBXContainerItemProxy section */

/* Begin PBXFileReference section */
		263430481A091044004E83D4 /* RegexKitLite.m */ = {isa = PBXFileReference; fileEncoding = 4; lastKnownFileType = sourcecode.c.objc; path = RegexKitLite.m; sourceTree = "<group>"; };
		263EEE7F1A08C64E00FB9A7A /* RegexKitLite.h */ = {isa = PBXFileReference; fileEncoding = 4; lastKnownFileType = sourcecode.c.h; path = RegexKitLite.h; sourceTree = "<group>"; };
		263EEE821A08C6F900FB9A7A /* libicucore.dylib */ = {isa = PBXFileReference; lastKnownFileType = "compiled.mach-o.dylib"; name = libicucore.dylib; path = usr/lib/libicucore.dylib; sourceTree = SDKROOT; };
		267294251A0795130050E466 /* HomeWorkTwo.app */ = {isa = PBXFileReference; explicitFileType = wrapper.application; includeInIndex = 0; path = HomeWorkTwo.app; sourceTree = BUILT_PRODUCTS_DIR; };
		267294291A0795130050E466 /* Info.plist */ = {isa = PBXFileReference; lastKnownFileType = text.plist.xml; path = Info.plist; sourceTree = "<group>"; };
		2672942A1A0795130050E466 /* main.m */ = {isa = PBXFileReference; lastKnownFileType = sourcecode.c.objc; path = main.m; sourceTree = "<group>"; };
		2672942C1A0795130050E466 /* AppDelegate.h */ = {isa = PBXFileReference; lastKnownFileType = sourcecode.c.h; path = AppDelegate.h; sourceTree = "<group>"; };
		2672942D1A0795130050E466 /* AppDelegate.m */ = {isa = PBXFileReference; lastKnownFileType = sourcecode.c.objc; path = AppDelegate.m; sourceTree = "<group>"; };
		2672942F1A0795130050E466 /* ViewController.h */ = {isa = PBXFileReference; lastKnownFileType = sourcecode.c.h; path = ViewController.h; sourceTree = "<group>"; };
		267294301A0795130050E466 /* ViewController.m */ = {isa = PBXFileReference; lastKnownFileType = sourcecode.c.objc; path = ViewController.m; sourceTree = "<group>"; };
		267294331A0795130050E466 /* Base */ = {isa = PBXFileReference; lastKnownFileType = file.storyboard; name = Base; path = Base.lproj/Main.storyboard; sourceTree = "<group>"; };
		267294351A0795130050E466 /* Images.xcassets */ = {isa = PBXFileReference; lastKnownFileType = folder.assetcatalog; path = Images.xcassets; sourceTree = "<group>"; };
		267294381A0795130050E466 /* Base */ = {isa = PBXFileReference; lastKnownFileType = file.xib; name = Base; path = Base.lproj/LaunchScreen.xib; sourceTree = "<group>"; };
		2672943E1A0795130050E466 /* HomeWorkTwoTests.xctest */ = {isa = PBXFileReference; explicitFileType = wrapper.cfbundle; includeInIndex = 0; path = HomeWorkTwoTests.xctest; sourceTree = BUILT_PRODUCTS_DIR; };
		267294431A0795130050E466 /* Info.plist */ = {isa = PBXFileReference; lastKnownFileType = text.plist.xml; path = Info.plist; sourceTree = "<group>"; };
		267294441A0795130050E466 /* HomeWorkTwoTests.m */ = {isa = PBXFileReference; lastKnownFileType = sourcecode.c.objc; path = HomeWorkTwoTests.m; sourceTree = "<group>"; };
		267FF8B01A0857AD00B58D57 /* FormulaStringCalcUtility.h */ = {isa = PBXFileReference; lastKnownFileType = sourcecode.c.h; path = FormulaStringCalcUtility.h; sourceTree = "<group>"; };
		267FF8B11A0857BC00B58D57 /* FormulaStringCalcUtility.m */ = {isa = PBXFileReference; fileEncoding = 4; lastKnownFileType = sourcecode.c.objc; path = FormulaStringCalcUtility.m; sourceTree = "<group>"; };
/* End PBXFileReference section */

/* Begin PBXFrameworksBuildPhase section */
		267294221A0795130050E466 /* Frameworks */ = {
			isa = PBXFrameworksBuildPhase;
			buildActionMask = 2147483647;
			files = (
				263EEE831A08C6F900FB9A7A /* libicucore.dylib in Frameworks */,
			);
			runOnlyForDeploymentPostprocessing = 0;
		};
		2672943B1A0795130050E466 /* Frameworks */ = {
			isa = PBXFrameworksBuildPhase;
			buildActionMask = 2147483647;
			files = (
			);
			runOnlyForDeploymentPostprocessing = 0;
		};
/* End PBXFrameworksBuildPhase section */

/* Begin PBXGroup section */
		2672941C1A0795130050E466 = {
			isa = PBXGroup;
			children = (
				263EEE821A08C6F900FB9A7A /* libicucore.dylib */,
				267294271A0795130050E466 /* HomeWorkTwo */,
				267294411A0795130050E466 /* HomeWorkTwoTests */,
				267294261A0795130050E466 /* Products */,
			);
			sourceTree = "<group>";
		};
		267294261A0795130050E466 /* Products */ = {
			isa = PBXGroup;
			children = (
				267294251A0795130050E466 /* HomeWorkTwo.app */,
				2672943E1A0795130050E466 /* HomeWorkTwoTests.xctest */,
			);
			name = Products;
			sourceTree = "<group>";
		};
		267294271A0795130050E466 /* HomeWorkTwo */ = {
			isa = PBXGroup;
			children = (
				263EEE7F1A08C64E00FB9A7A /* RegexKitLite.h */,
				263430481A091044004E83D4 /* RegexKitLite.m */,
				2672942C1A0795130050E466 /* AppDelegate.h */,
				2672942D1A0795130050E466 /* AppDelegate.m */,
				267FF8B01A0857AD00B58D57 /* FormulaStringCalcUtility.h */,
				267FF8B11A0857BC00B58D57 /* FormulaStringCalcUtility.m */,
				2672942F1A0795130050E466 /* ViewController.h */,
				267294301A0795130050E466 /* ViewController.m */,
				267294321A0795130050E466 /* Main.storyboard */,
				267294351A0795130050E466 /* Images.xcassets */,
				267294371A0795130050E466 /* LaunchScreen.xib */,
				267294281A0795130050E466 /* Supporting Files */,
			);
			path = HomeWorkTwo;
			sourceTree = "<group>";
		};
		267294281A0795130050E466 /* Supporting Files */ = {
			isa = PBXGroup;
			children = (
				267294291A0795130050E466 /* Info.plist */,
				2672942A1A0795130050E466 /* main.m */,
			);
			name = "Supporting Files";
			sourceTree = "<group>";
		};
		267294411A0795130050E466 /* HomeWorkTwoTests */ = {
			isa = PBXGroup;
			children = (
				267294441A0795130050E466 /* HomeWorkTwoTests.m */,
				267294421A0795130050E466 /* Supporting Files */,
			);
			path = HomeWorkTwoTests;
			sourceTree = "<group>";
		};
		267294421A0795130050E466 /* Supporting Files */ = {
			isa = PBXGroup;
			children = (
				267294431A0795130050E466 /* Info.plist */,
			);
			name = "Supporting Files";
			sourceTree = "<group>";
		};
/* End PBXGroup section */

/* Begin PBXNativeTarget section */
		267294241A0795130050E466 /* HomeWorkTwo */ = {
			isa = PBXNativeTarget;
			buildConfigurationList = 267294481A0795130050E466 /* Build configuration list for PBXNativeTarget "HomeWorkTwo" */;
			buildPhases = (
				267294211A0795130050E466 /* Sources */,
				267294221A0795130050E466 /* Frameworks */,
				267294231A0795130050E466 /* Resources */,
			);
			buildRules = (
			);
			dependencies = (
			);
			name = HomeWorkTwo;
			productName = HomeWorkTwo;
			productReference = 267294251A0795130050E466 /* HomeWorkTwo.app */;
			productType = "com.apple.product-type.application";
		};
		2672943D1A0795130050E466 /* HomeWorkTwoTests */ = {
			isa = PBXNativeTarget;
			buildConfigurationList = 2672944B1A0795130050E466 /* Build configuration list for PBXNativeTarget "HomeWorkTwoTests" */;
			buildPhases = (
				2672943A1A0795130050E466 /* Sources */,
				2672943B1A0795130050E466 /* Frameworks */,
				2672943C1A0795130050E466 /* Resources */,
			);
			buildRules = (
			);
			dependencies = (
				267294401A0795130050E466 /* PBXTargetDependency */,
			);
			name = HomeWorkTwoTests;
			productName = HomeWorkTwoTests;
			productReference = 2672943E1A0795130050E466 /* HomeWorkTwoTests.xctest */;
			productType = "com.apple.product-type.bundle.unit-test";
		};
/* End PBXNativeTarget section */

/* Begin PBXProject section */
		2672941D1A0795130050E466 /* Project object */ = {
			isa = PBXProject;
			attributes = {
				LastUpgradeCheck = 0610;
				ORGANIZATIONNAME = HJ;
				TargetAttributes = {
					267294241A0795130050E466 = {
						CreatedOnToolsVersion = 6.1;
					};
					2672943D1A0795130050E466 = {
						CreatedOnToolsVersion = 6.1;
						TestTargetID = 267294241A0795130050E466;
					};
				};
			};
			buildConfigurationList = 267294201A0795130050E466 /* Build configuration list for PBXProject "HomeWorkTwo" */;
			compatibilityVersion = "Xcode 3.2";
			developmentRegion = English;
			hasScannedForEncodings = 0;
			knownRegions = (
				en,
				Base,
			);
			mainGroup = 2672941C1A0795130050E466;
			productRefGroup = 267294261A0795130050E466 /* Products */;
			projectDirPath = "";
			projectRoot = "";
			targets = (
				267294241A0795130050E466 /* HomeWorkTwo */,
				2672943D1A0795130050E466 /* HomeWorkTwoTests */,
			);
		};
/* End PBXProject section */

/* Begin PBXResourcesBuildPhase section */
		267294231A0795130050E466 /* Resources */ = {
			isa = PBXResourcesBuildPhase;
			buildActionMask = 2147483647;
			files = (
				267294341A0795130050E466 /* Main.storyboard in Resources */,
				267294391A0795130050E466 /* LaunchScreen.xib in Resources */,
				267294361A0795130050E466 /* Images.xcassets in Resources */,
			);
			runOnlyForDeploymentPostprocessing = 0;
		};
		2672943C1A0795130050E466 /* Resources */ = {
			isa = PBXResourcesBuildPhase;
			buildActionMask = 2147483647;
			files = (
			);
			runOnlyForDeploymentPostprocessing = 0;
		};
/* End PBXResourcesBuildPhase section */

/* Begin PBXSourcesBuildPhase section */
		267294211A0795130050E466 /* Sources */ = {
			isa = PBXSourcesBuildPhase;
			buildActionMask = 2147483647;
			files = (
				263430491A091044004E83D4 /* RegexKitLite.m in Sources */,
				267FF8B21A0857BC00B58D57 /* FormulaStringCalcUtility.m in Sources */,
				267294311A0795130050E466 /* ViewController.m in Sources */,
				2672942E1A0795130050E466 /* AppDelegate.m in Sources */,
				2672942B1A0795130050E466 /* main.m in Sources */,
			);
			runOnlyForDeploymentPostprocessing = 0;
		};
		2672943A1A0795130050E466 /* Sources */ = {
			isa = PBXSourcesBuildPhase;
			buildActionMask = 2147483647;
			files = (
				267294451A0795130050E466 /* HomeWorkTwoTests.m in Sources */,
			);
			runOnlyForDeploymentPostprocessing = 0;
		};
/* End PBXSourcesBuildPhase section */

/* Begin PBXTargetDependency section */
		267294401A0795130050E466 /* PBXTargetDependency */ = {
			isa = PBXTargetDependency;
			target = 267294241A0795130050E466 /* HomeWorkTwo */;
			targetProxy = 2672943F1A0795130050E466 /* PBXContainerItemProxy */;
		};
/* End PBXTargetDependency section */

/* Begin PBXVariantGroup section */
		267294321A0795130050E466 /* Main.storyboard */ = {
			isa = PBXVariantGroup;
			children = (
				267294331A0795130050E466 /* Base */,
			);
			name = Main.storyboard;
			sourceTree = "<group>";
		};
		267294371A0795130050E466 /* LaunchScreen.xib */ = {
			isa = PBXVariantGroup;
			children = (
				267294381A0795130050E466 /* Base */,
			);
			name = LaunchScreen.xib;
			sourceTree = "<group>";
		};
/* End PBXVariantGroup section */

/* Begin XCBuildConfiguration section */
		267294461A0795130050E466 /* Debug */ = {
			isa = XCBuildConfiguration;
			buildSettings = {
				ALWAYS_SEARCH_USER_PATHS = NO;
				CLANG_CXX_LANGUAGE_STANDARD = "gnu++0x";
				CLANG_CXX_LIBRARY = "libc++";
				CLANG_ENABLE_MODULES = YES;
				CLANG_ENABLE_OBJC_ARC = YES;
				CLANG_WARN_BOOL_CONVERSION = YES;
				CLANG_WARN_CONSTANT_CONVERSION = YES;
				CLANG_WARN_DIRECT_OBJC_ISA_USAGE = YES_ERROR;
				CLANG_WARN_EMPTY_BODY = YES;
				CLANG_WARN_ENUM_CONVERSION = YES;
				CLANG_WARN_INT_CONVERSION = YES;
				CLANG_WARN_OBJC_ROOT_CLASS = YES_ERROR;
				CLANG_WARN_UNREACHABLE_CODE = YES;
				CLANG_WARN__DUPLICATE_METHOD_MATCH = YES;
				"CODE_SIGN_IDENTITY[sdk=iphoneos*]" = "iPhone Developer";
				COPY_PHASE_STRIP = NO;
				ENABLE_STRICT_OBJC_MSGSEND = YES;
				GCC_C_LANGUAGE_STANDARD = gnu99;
				GCC_DYNAMIC_NO_PIC = NO;
				GCC_OPTIMIZATION_LEVEL = 0;
				GCC_PREPROCESSOR_DEFINITIONS = (
					"DEBUG=1",
					"$(inherited)",
				);
				GCC_SYMBOLS_PRIVATE_EXTERN = NO;
				GCC_WARN_64_TO_32_BIT_CONVERSION = YES;
				GCC_WARN_ABOUT_RETURN_TYPE = YES_ERROR;
				GCC_WARN_UNDECLARED_SELECTOR = YES;
				GCC_WARN_UNINITIALIZED_AUTOS = YES_AGGRESSIVE;
				GCC_WARN_UNUSED_FUNCTION = YES;
				GCC_WARN_UNUSED_VARIABLE = YES;
				IPHONEOS_DEPLOYMENT_TARGET = 8.1;
				MTL_ENABLE_DEBUG_INFO = YES;
				ONLY_ACTIVE_ARCH = YES;
				SDKROOT = iphoneos;
			};
			name = Debug;
		};
		267294471A0795130050E466 /* Release */ = {
			isa = XCBuildConfiguration;
			buildSettings = {
				ALWAYS_SEARCH_USER_PATHS = NO;
				CLANG_CXX_LANGUAGE_STANDARD = "gnu++0x";
				CLANG_CXX_LIBRARY = "libc++";
				CLANG_ENABLE_MODULES = YES;
				CLANG_ENABLE_OBJC_ARC = YES;
				CLANG_WARN_BOOL_CONVERSION = YES;
				CLANG_WARN_CONSTANT_CONVERSION = YES;
				CLANG_WARN_DIRECT_OBJC_ISA_USAGE = YES_ERROR;
				CLANG_WARN_EMPTY_BODY = YES;
				CLANG_WARN_ENUM_CONVERSION = YES;
				CLANG_WARN_INT_CONVERSION = YES;
				CLANG_WARN_OBJC_ROOT_CLASS = YES_ERROR;
				CLANG_WARN_UNREACHABLE_CODE = YES;
				CLANG_WARN__DUPLICATE_METHOD_MATCH = YES;
				"CODE_SIGN_IDENTITY[sdk=iphoneos*]" = "iPhone Developer";
				COPY_PHASE_STRIP = YES;
				ENABLE_NS_ASSERTIONS = NO;
				ENABLE_STRICT_OBJC_MSGSEND = YES;
				GCC_C_LANGUAGE_STANDARD = gnu99;
				GCC_WARN_64_TO_32_BIT_CONVERSION = YES;
				GCC_WARN_ABOUT_RETURN_TYPE = YES_ERROR;
				GCC_WARN_UNDECLARED_SELECTOR = YES;
				GCC_WARN_UNINITIALIZED_AUTOS = YES_AGGRESSIVE;
				GCC_WARN_UNUSED_FUNCTION = YES;
				GCC_WARN_UNUSED_VARIABLE = YES;
				IPHONEOS_DEPLOYMENT_TARGET = 8.1;
				MTL_ENABLE_DEBUG_INFO = NO;
				SDKROOT = iphoneos;
				VALIDATE_PRODUCT = YES;
			};
			name = Release;
		};
		267294491A0795130050E466 /* Debug */ = {
			isa = XCBuildConfiguration;
			buildSettings = {
				ASSETCATALOG_COMPILER_APPICON_NAME = AppIcon;
				CLANG_ENABLE_OBJC_ARC = YES;
				CODE_SIGN_IDENTITY = "iPhone Developer";
				INFOPLIST_FILE = HomeWorkTwo/Info.plist;
				IPHONEOS_DEPLOYMENT_TARGET = 8.0;
				LD_RUNPATH_SEARCH_PATHS = "$(inherited) @executable_path/Frameworks";
				PRODUCT_NAME = "$(TARGET_NAME)";
			};
			name = Debug;
		};
		2672944A1A0795130050E466 /* Release */ = {
			isa = XCBuildConfiguration;
			buildSettings = {
				ASSETCATALOG_COMPILER_APPICON_NAME = AppIcon;
				CLANG_ENABLE_OBJC_ARC = YES;
				CODE_SIGN_IDENTITY = "iPhone Developer";
				INFOPLIST_FILE = HomeWorkTwo/Info.plist;
				IPHONEOS_DEPLOYMENT_TARGET = 8.0;
				LD_RUNPATH_SEARCH_PATHS = "$(inherited) @executable_path/Frameworks";
				PRODUCT_NAME = "$(TARGET_NAME)";
			};
			name = Release;
		};
		2672944C1A0795130050E466 /* Debug */ = {
			isa = XCBuildConfiguration;
			buildSettings = {
				BUNDLE_LOADER = "$(TEST_HOST)";
				FRAMEWORK_SEARCH_PATHS = (
					"$(SDKROOT)/Developer/Library/Frameworks",
					"$(inherited)",
				);
				GCC_PREPROCESSOR_DEFINITIONS = (
					"DEBUG=1",
					"$(inherited)",
				);
				INFOPLIST_FILE = HomeWorkTwoTests/Info.plist;
				LD_RUNPATH_SEARCH_PATHS = "$(inherited) @executable_path/Frameworks @loader_path/Frameworks";
				PRODUCT_NAME = "$(TARGET_NAME)";
				TEST_HOST = "$(BUILT_PRODUCTS_DIR)/HomeWorkTwo.app/HomeWorkTwo";
			};
			name = Debug;
		};
		2672944D1A0795130050E466 /* Release */ = {
			isa = XCBuildConfiguration;
			buildSettings = {
				BUNDLE_LOADER = "$(TEST_HOST)";
				FRAMEWORK_SEARCH_PATHS = (
					"$(SDKROOT)/Developer/Library/Frameworks",
					"$(inherited)",
				);
				INFOPLIST_FILE = HomeWorkTwoTests/Info.plist;
				LD_RUNPATH_SEARCH_PATHS = "$(inherited) @executable_path/Frameworks @loader_path/Frameworks";
				PRODUCT_NAME = "$(TARGET_NAME)";
				TEST_HOST = "$(BUILT_PRODUCTS_DIR)/HomeWorkTwo.app/HomeWorkTwo";
			};
			name = Release;
		};
/* End XCBuildConfiguration section */

/* Begin XCConfigurationList section */
		267294201A0795130050E466 /* Build configuration list for PBXProject "HomeWorkTwo" */ = {
			isa = XCConfigurationList;
			buildConfigurations = (
				267294461A0795130050E466 /* Debug */,
				267294471A0795130050E466 /* Release */,
			);
			defaultConfigurationIsVisible = 0;
			defaultConfigurationName = Release;
		};
		267294481A0795130050E466 /* Build configuration list for PBXNativeTarget "HomeWorkTwo" */ = {
			isa = XCConfigurationList;
			buildConfigurations = (
				267294491A0795130050E466 /* Debug */,
				2672944A1A0795130050E466 /* Release */,
			);
			defaultConfigurationIsVisible = 0;
			defaultConfigurationName = Release;
		};
		2672944B1A0795130050E466 /* Build configuration list for PBXNativeTarget "HomeWorkTwoTests" */ = {
			isa = XCConfigurationList;
			buildConfigurations = (
				2672944C1A0795130050E466 /* Debug */,
				2672944D1A0795130050E466 /* Release */,
			);
			defaultConfigurationIsVisible = 0;
			defaultConfigurationName = Release;
		};
/* End XCConfigurationList section */
	};
	rootObject = 2672941D1A0795130050E466 /* Project object */;
}
