// !$*UTF8*$!
{
	archiveVersion = 1;
	classes = {
	};
	objectVersion = 46;
	objects = {

/* Begin PBXBuildFile section */
		922CA9D91A4711C4000D2FF0 /* main.m in Sources */ = {isa = PBXBuildFile; fileRef = 922CA9D81A4711C4000D2FF0 /* main.m */; };
		922CA9DC1A4711C4000D2FF0 /* AppDelegate.m in Sources */ = {isa = PBXBuildFile; fileRef = 922CA9DB1A4711C4000D2FF0 /* AppDelegate.m */; };
		922CA9DF1A4711C4000D2FF0 /* ViewController.m in Sources */ = {isa = PBXBuildFile; fileRef = 922CA9DE1A4711C4000D2FF0 /* ViewController.m */; };
		922CA9E21A4711C4000D2FF0 /* Main.storyboard in Resources */ = {isa = PBXBuildFile; fileRef = 922CA9E01A4711C4000D2FF0 /* Main.storyboard */; };
		922CA9E41A4711C4000D2FF0 /* Images.xcassets in Resources */ = {isa = PBXBuildFile; fileRef = 922CA9E31A4711C4000D2FF0 /* Images.xcassets */; };
		922CA9E71A4711C4000D2FF0 /* LaunchScreen.xib in Resources */ = {isa = PBXBuildFile; fileRef = 922CA9E51A4711C4000D2FF0 /* LaunchScreen.xib */; };
		922CA9F31A4711C4000D2FF0 /* CrossGrooveTests.m in Sources */ = {isa = PBXBuildFile; fileRef = 922CA9F21A4711C4000D2FF0 /* CrossGrooveTests.m */; };
/* End PBXBuildFile section */

/* Begin PBXContainerItemProxy section */
		922CA9ED1A4711C4000D2FF0 /* PBXContainerItemProxy */ = {
			isa = PBXContainerItemProxy;
			containerPortal = 922CA9CB1A4711C4000D2FF0 /* Project object */;
			proxyType = 1;
			remoteGlobalIDString = 922CA9D21A4711C4000D2FF0;
			remoteInfo = CrossGroove;
		};
/* End PBXContainerItemProxy section */

/* Begin PBXFileReference section */
		922CA9D31A4711C4000D2FF0 /* CrossGroove.app */ = {isa = PBXFileReference; explicitFileType = wrapper.application; includeInIndex = 0; path = CrossGroove.app; sourceTree = BUILT_PRODUCTS_DIR; };
		922CA9D71A4711C4000D2FF0 /* Info.plist */ = {isa = PBXFileReference; lastKnownFileType = text.plist.xml; path = Info.plist; sourceTree = "<group>"; };
		922CA9D81A4711C4000D2FF0 /* main.m */ = {isa = PBXFileReference; lastKnownFileType = sourcecode.c.objc; path = main.m; sourceTree = "<group>"; };
		922CA9DA1A4711C4000D2FF0 /* AppDelegate.h */ = {isa = PBXFileReference; lastKnownFileType = sourcecode.c.h; path = AppDelegate.h; sourceTree = "<group>"; };
		922CA9DB1A4711C4000D2FF0 /* AppDelegate.m */ = {isa = PBXFileReference; lastKnownFileType = sourcecode.c.objc; path = AppDelegate.m; sourceTree = "<group>"; };
		922CA9DD1A4711C4000D2FF0 /* ViewController.h */ = {isa = PBXFileReference; lastKnownFileType = sourcecode.c.h; path = ViewController.h; sourceTree = "<group>"; };
		922CA9DE1A4711C4000D2FF0 /* ViewController.m */ = {isa = PBXFileReference; lastKnownFileType = sourcecode.c.objc; path = ViewController.m; sourceTree = "<group>"; };
		922CA9E11A4711C4000D2FF0 /* Base */ = {isa = PBXFileReference; lastKnownFileType = file.storyboard; name = Base; path = Base.lproj/Main.storyboard; sourceTree = "<group>"; };
		922CA9E31A4711C4000D2FF0 /* Images.xcassets */ = {isa = PBXFileReference; lastKnownFileType = folder.assetcatalog; path = Images.xcassets; sourceTree = "<group>"; };
		922CA9E61A4711C4000D2FF0 /* Base */ = {isa = PBXFileReference; lastKnownFileType = file.xib; name = Base; path = Base.lproj/LaunchScreen.xib; sourceTree = "<group>"; };
		922CA9EC1A4711C4000D2FF0 /* CrossGrooveTests.xctest */ = {isa = PBXFileReference; explicitFileType = wrapper.cfbundle; includeInIndex = 0; path = CrossGrooveTests.xctest; sourceTree = BUILT_PRODUCTS_DIR; };
		922CA9F11A4711C4000D2FF0 /* Info.plist */ = {isa = PBXFileReference; lastKnownFileType = text.plist.xml; path = Info.plist; sourceTree = "<group>"; };
		922CA9F21A4711C4000D2FF0 /* CrossGrooveTests.m */ = {isa = PBXFileReference; lastKnownFileType = sourcecode.c.objc; path = CrossGrooveTests.m; sourceTree = "<group>"; };
/* End PBXFileReference section */

/* Begin PBXFrameworksBuildPhase section */
		922CA9D01A4711C4000D2FF0 /* Frameworks */ = {
			isa = PBXFrameworksBuildPhase;
			buildActionMask = 2147483647;
			files = (
			);
			runOnlyForDeploymentPostprocessing = 0;
		};
		922CA9E91A4711C4000D2FF0 /* Frameworks */ = {
			isa = PBXFrameworksBuildPhase;
			buildActionMask = 2147483647;
			files = (
			);
			runOnlyForDeploymentPostprocessing = 0;
		};
/* End PBXFrameworksBuildPhase section */

/* Begin PBXGroup section */
		922CA9CA1A4711C4000D2FF0 = {
			isa = PBXGroup;
			children = (
				922CA9D51A4711C4000D2FF0 /* CrossGroove */,
				922CA9EF1A4711C4000D2FF0 /* CrossGrooveTests */,
				922CA9D41A4711C4000D2FF0 /* Products */,
			);
			sourceTree = "<group>";
		};
		922CA9D41A4711C4000D2FF0 /* Products */ = {
			isa = PBXGroup;
			children = (
				922CA9D31A4711C4000D2FF0 /* CrossGroove.app */,
				922CA9EC1A4711C4000D2FF0 /* CrossGrooveTests.xctest */,
			);
			name = Products;
			sourceTree = "<group>";
		};
		922CA9D51A4711C4000D2FF0 /* CrossGroove */ = {
			isa = PBXGroup;
			children = (
				922CA9DA1A4711C4000D2FF0 /* AppDelegate.h */,
				922CA9DB1A4711C4000D2FF0 /* AppDelegate.m */,
				922CA9DD1A4711C4000D2FF0 /* ViewController.h */,
				922CA9DE1A4711C4000D2FF0 /* ViewController.m */,
				922CA9E01A4711C4000D2FF0 /* Main.storyboard */,
				922CA9E31A4711C4000D2FF0 /* Images.xcassets */,
				922CA9E51A4711C4000D2FF0 /* LaunchScreen.xib */,
				922CA9D61A4711C4000D2FF0 /* Supporting Files */,
			);
			path = CrossGroove;
			sourceTree = "<group>";
		};
		922CA9D61A4711C4000D2FF0 /* Supporting Files */ = {
			isa = PBXGroup;
			children = (
				922CA9D71A4711C4000D2FF0 /* Info.plist */,
				922CA9D81A4711C4000D2FF0 /* main.m */,
			);
			name = "Supporting Files";
			sourceTree = "<group>";
		};
		922CA9EF1A4711C4000D2FF0 /* CrossGrooveTests */ = {
			isa = PBXGroup;
			children = (
				922CA9F21A4711C4000D2FF0 /* CrossGrooveTests.m */,
				922CA9F01A4711C4000D2FF0 /* Supporting Files */,
			);
			path = CrossGrooveTests;
			sourceTree = "<group>";
		};
		922CA9F01A4711C4000D2FF0 /* Supporting Files */ = {
			isa = PBXGroup;
			children = (
				922CA9F11A4711C4000D2FF0 /* Info.plist */,
			);
			name = "Supporting Files";
			sourceTree = "<group>";
		};
/* End PBXGroup section */

/* Begin PBXNativeTarget section */
		922CA9D21A4711C4000D2FF0 /* CrossGroove */ = {
			isa = PBXNativeTarget;
			buildConfigurationList = 922CA9F61A4711C4000D2FF0 /* Build configuration list for PBXNativeTarget "CrossGroove" */;
			buildPhases = (
				922CA9CF1A4711C4000D2FF0 /* Sources */,
				922CA9D01A4711C4000D2FF0 /* Frameworks */,
				922CA9D11A4711C4000D2FF0 /* Resources */,
			);
			buildRules = (
			);
			dependencies = (
			);
			name = CrossGroove;
			productName = CrossGroove;
			productReference = 922CA9D31A4711C4000D2FF0 /* CrossGroove.app */;
			productType = "com.apple.product-type.application";
		};
		922CA9EB1A4711C4000D2FF0 /* CrossGrooveTests */ = {
			isa = PBXNativeTarget;
			buildConfigurationList = 922CA9F91A4711C4000D2FF0 /* Build configuration list for PBXNativeTarget "CrossGrooveTests" */;
			buildPhases = (
				922CA9E81A4711C4000D2FF0 /* Sources */,
				922CA9E91A4711C4000D2FF0 /* Frameworks */,
				922CA9EA1A4711C4000D2FF0 /* Resources */,
			);
			buildRules = (
			);
			dependencies = (
				922CA9EE1A4711C4000D2FF0 /* PBXTargetDependency */,
			);
			name = CrossGrooveTests;
			productName = CrossGrooveTests;
			productReference = 922CA9EC1A4711C4000D2FF0 /* CrossGrooveTests.xctest */;
			productType = "com.apple.product-type.bundle.unit-test";
		};
/* End PBXNativeTarget section */

/* Begin PBXProject section */
		922CA9CB1A4711C4000D2FF0 /* Project object */ = {
			isa = PBXProject;
			attributes = {
				LastUpgradeCheck = 0610;
				ORGANIZATIONNAME = "陈晓强";
				TargetAttributes = {
					922CA9D21A4711C4000D2FF0 = {
						CreatedOnToolsVersion = 6.1.1;
					};
					922CA9EB1A4711C4000D2FF0 = {
						CreatedOnToolsVersion = 6.1.1;
						TestTargetID = 922CA9D21A4711C4000D2FF0;
					};
				};
			};
			buildConfigurationList = 922CA9CE1A4711C4000D2FF0 /* Build configuration list for PBXProject "CrossGroove" */;
			compatibilityVersion = "Xcode 3.2";
			developmentRegion = English;
			hasScannedForEncodings = 0;
			knownRegions = (
				en,
				Base,
			);
			mainGroup = 922CA9CA1A4711C4000D2FF0;
			productRefGroup = 922CA9D41A4711C4000D2FF0 /* Products */;
			projectDirPath = "";
			projectRoot = "";
			targets = (
				922CA9D21A4711C4000D2FF0 /* CrossGroove */,
				922CA9EB1A4711C4000D2FF0 /* CrossGrooveTests */,
			);
		};
/* End PBXProject section */

/* Begin PBXResourcesBuildPhase section */
		922CA9D11A4711C4000D2FF0 /* Resources */ = {
			isa = PBXResourcesBuildPhase;
			buildActionMask = 2147483647;
			files = (
				922CA9E21A4711C4000D2FF0 /* Main.storyboard in Resources */,
				922CA9E71A4711C4000D2FF0 /* LaunchScreen.xib in Resources */,
				922CA9E41A4711C4000D2FF0 /* Images.xcassets in Resources */,
			);
			runOnlyForDeploymentPostprocessing = 0;
		};
		922CA9EA1A4711C4000D2FF0 /* Resources */ = {
			isa = PBXResourcesBuildPhase;
			buildActionMask = 2147483647;
			files = (
			);
			runOnlyForDeploymentPostprocessing = 0;
		};
/* End PBXResourcesBuildPhase section */

/* Begin PBXSourcesBuildPhase section */
		922CA9CF1A4711C4000D2FF0 /* Sources */ = {
			isa = PBXSourcesBuildPhase;
			buildActionMask = 2147483647;
			files = (
				922CA9DF1A4711C4000D2FF0 /* ViewController.m in Sources */,
				922CA9DC1A4711C4000D2FF0 /* AppDelegate.m in Sources */,
				922CA9D91A4711C4000D2FF0 /* main.m in Sources */,
			);
			runOnlyForDeploymentPostprocessing = 0;
		};
		922CA9E81A4711C4000D2FF0 /* Sources */ = {
			isa = PBXSourcesBuildPhase;
			buildActionMask = 2147483647;
			files = (
				922CA9F31A4711C4000D2FF0 /* CrossGrooveTests.m in Sources */,
			);
			runOnlyForDeploymentPostprocessing = 0;
		};
/* End PBXSourcesBuildPhase section */

/* Begin PBXTargetDependency section */
		922CA9EE1A4711C4000D2FF0 /* PBXTargetDependency */ = {
			isa = PBXTargetDependency;
			target = 922CA9D21A4711C4000D2FF0 /* CrossGroove */;
			targetProxy = 922CA9ED1A4711C4000D2FF0 /* PBXContainerItemProxy */;
		};
/* End PBXTargetDependency section */

/* Begin PBXVariantGroup section */
		922CA9E01A4711C4000D2FF0 /* Main.storyboard */ = {
			isa = PBXVariantGroup;
			children = (
				922CA9E11A4711C4000D2FF0 /* Base */,
			);
			name = Main.storyboard;
			sourceTree = "<group>";
		};
		922CA9E51A4711C4000D2FF0 /* LaunchScreen.xib */ = {
			isa = PBXVariantGroup;
			children = (
				922CA9E61A4711C4000D2FF0 /* Base */,
			);
			name = LaunchScreen.xib;
			sourceTree = "<group>";
		};
/* End PBXVariantGroup section */

/* Begin XCBuildConfiguration section */
		922CA9F41A4711C4000D2FF0 /* Debug */ = {
			isa = XCBuildConfiguration;
			buildSettings = {
				ALWAYS_SEARCH_USER_PATHS = NO;
				CLANG_CXX_LANGUAGE_STANDARD = "gnu++0x";
				CLANG_CXX_LIBRARY = "libc++";
				CLANG_ENABLE_MODULES = YES;
				CLANG_ENABLE_OBJC_ARC = YES;
				CLANG_WARN_BOOL_CONVERSION = YES;
				CLANG_WARN_CONSTANT_CONVERSION = YES;
				CLANG_WARN_DIRECT_OBJC_ISA_USAGE = YES_ERROR;
				CLANG_WARN_EMPTY_BODY = YES;
				CLANG_WARN_ENUM_CONVERSION = YES;
				CLANG_WARN_INT_CONVERSION = YES;
				CLANG_WARN_OBJC_ROOT_CLASS = YES_ERROR;
				CLANG_WARN_UNREACHABLE_CODE = YES;
				CLANG_WARN__DUPLICATE_METHOD_MATCH = YES;
				"CODE_SIGN_IDENTITY[sdk=iphoneos*]" = "iPhone Developer";
				COPY_PHASE_STRIP = NO;
				ENABLE_STRICT_OBJC_MSGSEND = YES;
				GCC_C_LANGUAGE_STANDARD = gnu99;
				GCC_DYNAMIC_NO_PIC = NO;
				GCC_OPTIMIZATION_LEVEL = 0;
				GCC_PREPROCESSOR_DEFINITIONS = (
					"DEBUG=1",
					"$(inherited)",
				);
				GCC_SYMBOLS_PRIVATE_EXTERN = NO;
				GCC_WARN_64_TO_32_BIT_CONVERSION = YES;
				GCC_WARN_ABOUT_RETURN_TYPE = YES_ERROR;
				GCC_WARN_UNDECLARED_SELECTOR = YES;
				GCC_WARN_UNINITIALIZED_AUTOS = YES_AGGRESSIVE;
				GCC_WARN_UNUSED_FUNCTION = YES;
				GCC_WARN_UNUSED_VARIABLE = YES;
				IPHONEOS_DEPLOYMENT_TARGET = 8.1;
				MTL_ENABLE_DEBUG_INFO = YES;
				ONLY_ACTIVE_ARCH = YES;
				SDKROOT = iphoneos;
			};
			name = Debug;
		};
		922CA9F51A4711C4000D2FF0 /* Release */ = {
			isa = XCBuildConfiguration;
			buildSettings = {
				ALWAYS_SEARCH_USER_PATHS = NO;
				CLANG_CXX_LANGUAGE_STANDARD = "gnu++0x";
				CLANG_CXX_LIBRARY = "libc++";
				CLANG_ENABLE_MODULES = YES;
				CLANG_ENABLE_OBJC_ARC = YES;
				CLANG_WARN_BOOL_CONVERSION = YES;
				CLANG_WARN_CONSTANT_CONVERSION = YES;
				CLANG_WARN_DIRECT_OBJC_ISA_USAGE = YES_ERROR;
				CLANG_WARN_EMPTY_BODY = YES;
				CLANG_WARN_ENUM_CONVERSION = YES;
				CLANG_WARN_INT_CONVERSION = YES;
				CLANG_WARN_OBJC_ROOT_CLASS = YES_ERROR;
				CLANG_WARN_UNREACHABLE_CODE = YES;
				CLANG_WARN__DUPLICATE_METHOD_MATCH = YES;
				"CODE_SIGN_IDENTITY[sdk=iphoneos*]" = "iPhone Developer";
				COPY_PHASE_STRIP = YES;
				ENABLE_NS_ASSERTIONS = NO;
				ENABLE_STRICT_OBJC_MSGSEND = YES;
				GCC_C_LANGUAGE_STANDARD = gnu99;
				GCC_WARN_64_TO_32_BIT_CONVERSION = YES;
				GCC_WARN_ABOUT_RETURN_TYPE = YES_ERROR;
				GCC_WARN_UNDECLARED_SELECTOR = YES;
				GCC_WARN_UNINITIALIZED_AUTOS = YES_AGGRESSIVE;
				GCC_WARN_UNUSED_FUNCTION = YES;
				GCC_WARN_UNUSED_VARIABLE = YES;
				IPHONEOS_DEPLOYMENT_TARGET = 8.1;
				MTL_ENABLE_DEBUG_INFO = NO;
				SDKROOT = iphoneos;
				VALIDATE_PRODUCT = YES;
			};
			name = Release;
		};
		922CA9F71A4711C4000D2FF0 /* Debug */ = {
			isa = XCBuildConfiguration;
			buildSettings = {
				ASSETCATALOG_COMPILER_APPICON_NAME = AppIcon;
				INFOPLIST_FILE = CrossGroove/Info.plist;
				LD_RUNPATH_SEARCH_PATHS = "$(inherited) @executable_path/Frameworks";
				PRODUCT_NAME = "$(TARGET_NAME)";
			};
			name = Debug;
		};
		922CA9F81A4711C4000D2FF0 /* Release */ = {
			isa = XCBuildConfiguration;
			buildSettings = {
				ASSETCATALOG_COMPILER_APPICON_NAME = AppIcon;
				INFOPLIST_FILE = CrossGroove/Info.plist;
				LD_RUNPATH_SEARCH_PATHS = "$(inherited) @executable_path/Frameworks";
				PRODUCT_NAME = "$(TARGET_NAME)";
			};
			name = Release;
		};
		922CA9FA1A4711C4000D2FF0 /* Debug */ = {
			isa = XCBuildConfiguration;
			buildSettings = {
				BUNDLE_LOADER = "$(TEST_HOST)";
				FRAMEWORK_SEARCH_PATHS = (
					"$(SDKROOT)/Developer/Library/Frameworks",
					"$(inherited)",
				);
				GCC_PREPROCESSOR_DEFINITIONS = (
					"DEBUG=1",
					"$(inherited)",
				);
				INFOPLIST_FILE = CrossGrooveTests/Info.plist;
				LD_RUNPATH_SEARCH_PATHS = "$(inherited) @executable_path/Frameworks @loader_path/Frameworks";
				PRODUCT_NAME = "$(TARGET_NAME)";
				TEST_HOST = "$(BUILT_PRODUCTS_DIR)/CrossGroove.app/CrossGroove";
			};
			name = Debug;
		};
		922CA9FB1A4711C4000D2FF0 /* Release */ = {
			isa = XCBuildConfiguration;
			buildSettings = {
				BUNDLE_LOADER = "$(TEST_HOST)";
				FRAMEWORK_SEARCH_PATHS = (
					"$(SDKROOT)/Developer/Library/Frameworks",
					"$(inherited)",
				);
				INFOPLIST_FILE = CrossGrooveTests/Info.plist;
				LD_RUNPATH_SEARCH_PATHS = "$(inherited) @executable_path/Frameworks @loader_path/Frameworks";
				PRODUCT_NAME = "$(TARGET_NAME)";
				TEST_HOST = "$(BUILT_PRODUCTS_DIR)/CrossGroove.app/CrossGroove";
			};
			name = Release;
		};
/* End XCBuildConfiguration section */

/* Begin XCConfigurationList section */
		922CA9CE1A4711C4000D2FF0 /* Build configuration list for PBXProject "CrossGroove" */ = {
			isa = XCConfigurationList;
			buildConfigurations = (
				922CA9F41A4711C4000D2FF0 /* Debug */,
				922CA9F51A4711C4000D2FF0 /* Release */,
			);
			defaultConfigurationIsVisible = 0;
			defaultConfigurationName = Release;
		};
		922CA9F61A4711C4000D2FF0 /* Build configuration list for PBXNativeTarget "CrossGroove" */ = {
			isa = XCConfigurationList;
			buildConfigurations = (
				922CA9F71A4711C4000D2FF0 /* Debug */,
				922CA9F81A4711C4000D2FF0 /* Release */,
			);
			defaultConfigurationIsVisible = 0;
		};
		922CA9F91A4711C4000D2FF0 /* Build configuration list for PBXNativeTarget "CrossGrooveTests" */ = {
			isa = XCConfigurationList;
			buildConfigurations = (
				922CA9FA1A4711C4000D2FF0 /* Debug */,
				922CA9FB1A4711C4000D2FF0 /* Release */,
			);
			defaultConfigurationIsVisible = 0;
		};
/* End XCConfigurationList section */
	};
	rootObject = 922CA9CB1A4711C4000D2FF0 /* Project object */;
}
